lockfileVersion: "6.0"

settings:
  autoInstallPeers: true
  excludeLinksFromLockfile: false

dependencies:
  "@dnd-kit/core":
    specifier: ^6.1.0
    version: 6.1.0(react-dom@18.2.0)(react@18.2.0)
  "@dnd-kit/sortable":
    specifier: ^8.0.0
    version: 8.0.0(@dnd-kit/core@6.1.0)(react@18.2.0)
  "@dnd-kit/utilities":
    specifier: ^3.2.2
    version: 3.2.2(react@18.2.0)
  "@shopify/polaris":
    specifier: ^13.1.0
    version: 13.1.0(react-dom@18.2.0)(react@18.2.0)
  "@shopify/polaris-icons":
    specifier: ^9.0.0
    version: 9.0.0(react@18.2.0)
  "@shopify/polaris-tokens":
    specifier: ^9.0.0
    version: 9.0.0
  "@stackblitz/sdk":
    specifier: ^1.9.0
    version: 1.9.0
  "@types/lodash-es":
    specifier: ^4.17.12
    version: 4.17.12
  "@types/react":
    specifier: ^18.2.79
    version: 18.2.79
  "@types/react-dom":
    specifier: ^18.2.25
    version: 18.2.25
  "@vitejs/plugin-react-swc":
    specifier: ^3.6.0
    version: 3.6.0(vite@5.2.9)
  classnames:
    specifier: ^2.5.1
    version: 2.5.1
  immer:
    specifier: ^10.0.4
    version: 10.0.4
  lodash-es:
    specifier: ^4.17.21
    version: 4.17.21
  lz-string:
    specifier: ^1.5.0
    version: 1.5.0
  nanoid:
    specifier: ^5.0.7
    version: 5.0.7
  prettier:
    specifier: 3.2.5
    version: 3.2.5
  prism-react-renderer:
    specifier: ^2.3.1
    version: 2.3.1(react@18.2.0)
  react:
    specifier: ^18.2.0
    version: 18.2.0
  react-dom:
    specifier: ^18.2.0
    version: 18.2.0(react@18.2.0)
  react-error-boundary:
    specifier: ^4.0.13
    version: 4.0.13(react@18.2.0)
  react-split-pane:
    specifier: ^0.1.92
    version: 0.1.92(react-dom@18.2.0)(react@18.2.0)
  react-use:
    specifier: ^17.5.0
    version: 17.5.0(react-dom@18.2.0)(react@18.2.0)
  typescript:
    specifier: ^5.4.5
    version: 5.4.5
  vite:
    specifier: ^5.2.9
    version: 5.2.9
  zustand:
    specifier: ^4.5.2
    version: 4.5.2(@types/react@18.2.79)(immer@10.0.4)(react@18.2.0)

packages:
  /@babel/runtime@7.23.2:
    resolution:
      {
        integrity: sha512-mM8eg4yl5D6i3lu2QKPuPH4FArvJ8KhTofbE7jwMUv9KX5mBvwPAqnV3MlyBNqdp9RyRKP6Yck8TrfYrPvX3bg==,
      }
    engines: { node: ">=6.9.0" }
    dependencies:
      regenerator-runtime: 0.14.0
    dev: false

  /@dnd-kit/accessibility@3.1.0(react@18.2.0):
    resolution:
      {
        integrity: sha512-ea7IkhKvlJUv9iSHJOnxinBcoOI3ppGnnL+VDJ75O45Nss6HtZd8IdN8touXPDtASfeI2T2LImb8VOZcL47wjQ==,
      }
    peerDependencies:
      react: ">=16.8.0"
    dependencies:
      react: 18.2.0
      tslib: 2.6.2
    dev: false

  /@dnd-kit/core@6.1.0(react-dom@18.2.0)(react@18.2.0):
    resolution:
      {
        integrity: sha512-J3cQBClB4TVxwGo3KEjssGEXNJqGVWx17aRTZ1ob0FliR5IjYgTxl5YJbKTzA6IzrtelotH19v6y7uoIRUZPSg==,
      }
    peerDependencies:
      react: ">=16.8.0"
      react-dom: ">=16.8.0"
    dependencies:
      "@dnd-kit/accessibility": 3.1.0(react@18.2.0)
      "@dnd-kit/utilities": 3.2.2(react@18.2.0)
      react: 18.2.0
      react-dom: 18.2.0(react@18.2.0)
      tslib: 2.6.2
    dev: false

  /@dnd-kit/sortable@8.0.0(@dnd-kit/core@6.1.0)(react@18.2.0):
    resolution:
      {
        integrity: sha512-U3jk5ebVXe1Lr7c2wU7SBZjcWdQP+j7peHJfCspnA81enlu88Mgd7CC8Q+pub9ubP7eKVETzJW+IBAhsqbSu/g==,
      }
    peerDependencies:
      "@dnd-kit/core": ^6.1.0
      react: ">=16.8.0"
    dependencies:
      "@dnd-kit/core": 6.1.0(react-dom@18.2.0)(react@18.2.0)
      "@dnd-kit/utilities": 3.2.2(react@18.2.0)
      react: 18.2.0
      tslib: 2.6.2
    dev: false

  /@dnd-kit/utilities@3.2.2(react@18.2.0):
    resolution:
      {
        integrity: sha512-+MKAJEOfaBe5SmV6t34p80MMKhjvUz0vRrvVJbPT0WElzaOJ/1xs+D+KDv+tD/NE5ujfrChEcshd4fLn0wpiqg==,
      }
    peerDependencies:
      react: ">=16.8.0"
    dependencies:
      react: 18.2.0
      tslib: 2.6.2
    dev: false

  /@esbuild/aix-ppc64@0.20.2:
    resolution:
      {
        integrity: sha512-D+EBOJHXdNZcLJRBkhENNG8Wji2kgc9AZ9KiPr1JuZjsNtyHzrsfLRrY0tk2H2aoFu6RANO1y1iPPUCDYWkb5g==,
      }
    engines: { node: ">=12" }
    cpu: [ppc64]
    os: [aix]
    requiresBuild: true
    dev: false
    optional: true

  /@esbuild/android-arm64@0.20.2:
    resolution:
      {
        integrity: sha512-mRzjLacRtl/tWU0SvD8lUEwb61yP9cqQo6noDZP/O8VkwafSYwZ4yWy24kan8jE/IMERpYncRt2dw438LP3Xmg==,
      }
    engines: { node: ">=12" }
    cpu: [arm64]
    os: [android]
    requiresBuild: true
    dev: false
    optional: true

  /@esbuild/android-arm@0.20.2:
    resolution:
      {
        integrity: sha512-t98Ra6pw2VaDhqNWO2Oph2LXbz/EJcnLmKLGBJwEwXX/JAN83Fym1rU8l0JUWK6HkIbWONCSSatf4sf2NBRx/w==,
      }
    engines: { node: ">=12" }
    cpu: [arm]
    os: [android]
    requiresBuild: true
    dev: false
    optional: true

  /@esbuild/android-x64@0.20.2:
    resolution:
      {
        integrity: sha512-btzExgV+/lMGDDa194CcUQm53ncxzeBrWJcncOBxuC6ndBkKxnHdFJn86mCIgTELsooUmwUm9FkhSp5HYu00Rg==,
      }
    engines: { node: ">=12" }
    cpu: [x64]
    os: [android]
    requiresBuild: true
    dev: false
    optional: true

  /@esbuild/darwin-arm64@0.20.2:
    resolution:
      {
        integrity: sha512-4J6IRT+10J3aJH3l1yzEg9y3wkTDgDk7TSDFX+wKFiWjqWp/iCfLIYzGyasx9l0SAFPT1HwSCR+0w/h1ES/MjA==,
      }
    engines: { node: ">=12" }
    cpu: [arm64]
    os: [darwin]
    requiresBuild: true
    dev: false
    optional: true

  /@esbuild/darwin-x64@0.20.2:
    resolution:
      {
        integrity: sha512-tBcXp9KNphnNH0dfhv8KYkZhjc+H3XBkF5DKtswJblV7KlT9EI2+jeA8DgBjp908WEuYll6pF+UStUCfEpdysA==,
      }
    engines: { node: ">=12" }
    cpu: [x64]
    os: [darwin]
    requiresBuild: true
    dev: false
    optional: true

  /@esbuild/freebsd-arm64@0.20.2:
    resolution:
      {
        integrity: sha512-d3qI41G4SuLiCGCFGUrKsSeTXyWG6yem1KcGZVS+3FYlYhtNoNgYrWcvkOoaqMhwXSMrZRl69ArHsGJ9mYdbbw==,
      }
    engines: { node: ">=12" }
    cpu: [arm64]
    os: [freebsd]
    requiresBuild: true
    dev: false
    optional: true

  /@esbuild/freebsd-x64@0.20.2:
    resolution:
      {
        integrity: sha512-d+DipyvHRuqEeM5zDivKV1KuXn9WeRX6vqSqIDgwIfPQtwMP4jaDsQsDncjTDDsExT4lR/91OLjRo8bmC1e+Cw==,
      }
    engines: { node: ">=12" }
    cpu: [x64]
    os: [freebsd]
    requiresBuild: true
    dev: false
    optional: true

  /@esbuild/linux-arm64@0.20.2:
    resolution:
      {
        integrity: sha512-9pb6rBjGvTFNira2FLIWqDk/uaf42sSyLE8j1rnUpuzsODBq7FvpwHYZxQ/It/8b+QOS1RYfqgGFNLRI+qlq2A==,
      }
    engines: { node: ">=12" }
    cpu: [arm64]
    os: [linux]
    requiresBuild: true
    dev: false
    optional: true

  /@esbuild/linux-arm@0.20.2:
    resolution:
      {
        integrity: sha512-VhLPeR8HTMPccbuWWcEUD1Az68TqaTYyj6nfE4QByZIQEQVWBB8vup8PpR7y1QHL3CpcF6xd5WVBU/+SBEvGTg==,
      }
    engines: { node: ">=12" }
    cpu: [arm]
    os: [linux]
    requiresBuild: true
    dev: false
    optional: true

  /@esbuild/linux-ia32@0.20.2:
    resolution:
      {
        integrity: sha512-o10utieEkNPFDZFQm9CoP7Tvb33UutoJqg3qKf1PWVeeJhJw0Q347PxMvBgVVFgouYLGIhFYG0UGdBumROyiig==,
      }
    engines: { node: ">=12" }
    cpu: [ia32]
    os: [linux]
    requiresBuild: true
    dev: false
    optional: true

  /@esbuild/linux-loong64@0.20.2:
    resolution:
      {
        integrity: sha512-PR7sp6R/UC4CFVomVINKJ80pMFlfDfMQMYynX7t1tNTeivQ6XdX5r2XovMmha/VjR1YN/HgHWsVcTRIMkymrgQ==,
      }
    engines: { node: ">=12" }
    cpu: [loong64]
    os: [linux]
    requiresBuild: true
    dev: false
    optional: true

  /@esbuild/linux-mips64el@0.20.2:
    resolution:
      {
        integrity: sha512-4BlTqeutE/KnOiTG5Y6Sb/Hw6hsBOZapOVF6njAESHInhlQAghVVZL1ZpIctBOoTFbQyGW+LsVYZ8lSSB3wkjA==,
      }
    engines: { node: ">=12" }
    cpu: [mips64el]
    os: [linux]
    requiresBuild: true
    dev: false
    optional: true

  /@esbuild/linux-ppc64@0.20.2:
    resolution:
      {
        integrity: sha512-rD3KsaDprDcfajSKdn25ooz5J5/fWBylaaXkuotBDGnMnDP1Uv5DLAN/45qfnf3JDYyJv/ytGHQaziHUdyzaAg==,
      }
    engines: { node: ">=12" }
    cpu: [ppc64]
    os: [linux]
    requiresBuild: true
    dev: false
    optional: true

  /@esbuild/linux-riscv64@0.20.2:
    resolution:
      {
        integrity: sha512-snwmBKacKmwTMmhLlz/3aH1Q9T8v45bKYGE3j26TsaOVtjIag4wLfWSiZykXzXuE1kbCE+zJRmwp+ZbIHinnVg==,
      }
    engines: { node: ">=12" }
    cpu: [riscv64]
    os: [linux]
    requiresBuild: true
    dev: false
    optional: true

  /@esbuild/linux-s390x@0.20.2:
    resolution:
      {
        integrity: sha512-wcWISOobRWNm3cezm5HOZcYz1sKoHLd8VL1dl309DiixxVFoFe/o8HnwuIwn6sXre88Nwj+VwZUvJf4AFxkyrQ==,
      }
    engines: { node: ">=12" }
    cpu: [s390x]
    os: [linux]
    requiresBuild: true
    dev: false
    optional: true

  /@esbuild/linux-x64@0.20.2:
    resolution:
      {
        integrity: sha512-1MdwI6OOTsfQfek8sLwgyjOXAu+wKhLEoaOLTjbijk6E2WONYpH9ZU2mNtR+lZ2B4uwr+usqGuVfFT9tMtGvGw==,
      }
    engines: { node: ">=12" }
    cpu: [x64]
    os: [linux]
    requiresBuild: true
    dev: false
    optional: true

  /@esbuild/netbsd-x64@0.20.2:
    resolution:
      {
        integrity: sha512-K8/DhBxcVQkzYc43yJXDSyjlFeHQJBiowJ0uVL6Tor3jGQfSGHNNJcWxNbOI8v5k82prYqzPuwkzHt3J1T1iZQ==,
      }
    engines: { node: ">=12" }
    cpu: [x64]
    os: [netbsd]
    requiresBuild: true
    dev: false
    optional: true

  /@esbuild/openbsd-x64@0.20.2:
    resolution:
      {
        integrity: sha512-eMpKlV0SThJmmJgiVyN9jTPJ2VBPquf6Kt/nAoo6DgHAoN57K15ZghiHaMvqjCye/uU4X5u3YSMgVBI1h3vKrQ==,
      }
    engines: { node: ">=12" }
    cpu: [x64]
    os: [openbsd]
    requiresBuild: true
    dev: false
    optional: true

  /@esbuild/sunos-x64@0.20.2:
    resolution:
      {
        integrity: sha512-2UyFtRC6cXLyejf/YEld4Hajo7UHILetzE1vsRcGL3earZEW77JxrFjH4Ez2qaTiEfMgAXxfAZCm1fvM/G/o8w==,
      }
    engines: { node: ">=12" }
    cpu: [x64]
    os: [sunos]
    requiresBuild: true
    dev: false
    optional: true

  /@esbuild/win32-arm64@0.20.2:
    resolution:
      {
        integrity: sha512-GRibxoawM9ZCnDxnP3usoUDO9vUkpAxIIZ6GQI+IlVmr5kP3zUq+l17xELTHMWTWzjxa2guPNyrpq1GWmPvcGQ==,
      }
    engines: { node: ">=12" }
    cpu: [arm64]
    os: [win32]
    requiresBuild: true
    dev: false
    optional: true

  /@esbuild/win32-ia32@0.20.2:
    resolution:
      {
        integrity: sha512-HfLOfn9YWmkSKRQqovpnITazdtquEW8/SoHW7pWpuEeguaZI4QnCRW6b+oZTztdBnZOS2hqJ6im/D5cPzBTTlQ==,
      }
    engines: { node: ">=12" }
    cpu: [ia32]
    os: [win32]
    requiresBuild: true
    dev: false
    optional: true

  /@esbuild/win32-x64@0.20.2:
    resolution:
      {
        integrity: sha512-N49X4lJX27+l9jbLKSqZ6bKNjzQvHaT8IIFUy+YIqmXQdjYCToGWwOItDrfby14c78aDd5NHQl29xingXfCdLQ==,
      }
    engines: { node: ">=12" }
    cpu: [x64]
    os: [win32]
    requiresBuild: true
    dev: false
    optional: true

  /@jridgewell/sourcemap-codec@1.4.15:
    resolution:
      {
        integrity: sha512-eF2rxCRulEKXHTRiDrDy6erMYWqNw4LPdQ8UQA4huuxaQsVeRPFl2oM8oDGxMFhJUWZf9McpLtJasDDZb/Bpeg==,
      }
    dev: false

  /@rollup/rollup-android-arm-eabi@4.13.0:
    resolution:
      {
        integrity: sha512-5ZYPOuaAqEH/W3gYsRkxQATBW3Ii1MfaT4EQstTnLKViLi2gLSQmlmtTpGucNP3sXEpOiI5tdGhjdE111ekyEg==,
      }
    cpu: [arm]
    os: [android]
    requiresBuild: true
    dev: false
    optional: true

  /@rollup/rollup-android-arm64@4.13.0:
    resolution:
      {
        integrity: sha512-BSbaCmn8ZadK3UAQdlauSvtaJjhlDEjS5hEVVIN3A4bbl3X+otyf/kOJV08bYiRxfejP3DXFzO2jz3G20107+Q==,
      }
    cpu: [arm64]
    os: [android]
    requiresBuild: true
    dev: false
    optional: true

  /@rollup/rollup-darwin-arm64@4.13.0:
    resolution:
      {
        integrity: sha512-Ovf2evVaP6sW5Ut0GHyUSOqA6tVKfrTHddtmxGQc1CTQa1Cw3/KMCDEEICZBbyppcwnhMwcDce9ZRxdWRpVd6g==,
      }
    cpu: [arm64]
    os: [darwin]
    requiresBuild: true
    dev: false
    optional: true

  /@rollup/rollup-darwin-x64@4.13.0:
    resolution:
      {
        integrity: sha512-U+Jcxm89UTK592vZ2J9st9ajRv/hrwHdnvyuJpa5A2ngGSVHypigidkQJP+YiGL6JODiUeMzkqQzbCG3At81Gg==,
      }
    cpu: [x64]
    os: [darwin]
    requiresBuild: true
    dev: false
    optional: true

  /@rollup/rollup-linux-arm-gnueabihf@4.13.0:
    resolution:
      {
        integrity: sha512-8wZidaUJUTIR5T4vRS22VkSMOVooG0F4N+JSwQXWSRiC6yfEsFMLTYRFHvby5mFFuExHa/yAp9juSphQQJAijQ==,
      }
    cpu: [arm]
    os: [linux]
    requiresBuild: true
    dev: false
    optional: true

  /@rollup/rollup-linux-arm64-gnu@4.13.0:
    resolution:
      {
        integrity: sha512-Iu0Kno1vrD7zHQDxOmvweqLkAzjxEVqNhUIXBsZ8hu8Oak7/5VTPrxOEZXYC1nmrBVJp0ZcL2E7lSuuOVaE3+w==,
      }
    cpu: [arm64]
    os: [linux]
    requiresBuild: true
    dev: false
    optional: true

  /@rollup/rollup-linux-arm64-musl@4.13.0:
    resolution:
      {
        integrity: sha512-C31QrW47llgVyrRjIwiOwsHFcaIwmkKi3PCroQY5aVq4H0A5v/vVVAtFsI1nfBngtoRpeREvZOkIhmRwUKkAdw==,
      }
    cpu: [arm64]
    os: [linux]
    requiresBuild: true
    dev: false
    optional: true

  /@rollup/rollup-linux-riscv64-gnu@4.13.0:
    resolution:
      {
        integrity: sha512-Oq90dtMHvthFOPMl7pt7KmxzX7E71AfyIhh+cPhLY9oko97Zf2C9tt/XJD4RgxhaGeAraAXDtqxvKE1y/j35lA==,
      }
    cpu: [riscv64]
    os: [linux]
    requiresBuild: true
    dev: false
    optional: true

  /@rollup/rollup-linux-x64-gnu@4.13.0:
    resolution:
      {
        integrity: sha512-yUD/8wMffnTKuiIsl6xU+4IA8UNhQ/f1sAnQebmE/lyQ8abjsVyDkyRkWop0kdMhKMprpNIhPmYlCxgHrPoXoA==,
      }
    cpu: [x64]
    os: [linux]
    requiresBuild: true
    dev: false
    optional: true

  /@rollup/rollup-linux-x64-musl@4.13.0:
    resolution:
      {
        integrity: sha512-9RyNqoFNdF0vu/qqX63fKotBh43fJQeYC98hCaf89DYQpv+xu0D8QFSOS0biA7cGuqJFOc1bJ+m2rhhsKcw1hw==,
      }
    cpu: [x64]
    os: [linux]
    requiresBuild: true
    dev: false
    optional: true

  /@rollup/rollup-win32-arm64-msvc@4.13.0:
    resolution:
      {
        integrity: sha512-46ue8ymtm/5PUU6pCvjlic0z82qWkxv54GTJZgHrQUuZnVH+tvvSP0LsozIDsCBFO4VjJ13N68wqrKSeScUKdA==,
      }
    cpu: [arm64]
    os: [win32]
    requiresBuild: true
    dev: false
    optional: true

  /@rollup/rollup-win32-ia32-msvc@4.13.0:
    resolution:
      {
        integrity: sha512-P5/MqLdLSlqxbeuJ3YDeX37srC8mCflSyTrUsgbU1c/U9j6l2g2GiIdYaGD9QjdMQPMSgYm7hgg0551wHyIluw==,
      }
    cpu: [ia32]
    os: [win32]
    requiresBuild: true
    dev: false
    optional: true

  /@rollup/rollup-win32-x64-msvc@4.13.0:
    resolution:
      {
        integrity: sha512-UKXUQNbO3DOhzLRwHSpa0HnhhCgNODvfoPWv2FCXme8N/ANFfhIPMGuOT+QuKd16+B5yxZ0HdpNlqPvTMS1qfw==,
      }
    cpu: [x64]
    os: [win32]
    requiresBuild: true
    dev: false
    optional: true

  /@shopify/polaris-icons@9.0.0(react@18.2.0):
    resolution:
      {
        integrity: sha512-RVgHc/c/bmU53PMDmtNVnAHDyD1cAyYGJhBAdpo7dgUhuDnz+/vFy5Pc68mERJtWe9Uqcyk288vpIScWF8NiPw==,
      }
    engines: { node: ">=20.10.0" }
    peerDependencies:
      react: "*"
    dependencies:
      react: 18.2.0
    dev: false

  /@shopify/polaris-tokens@9.0.0:
    resolution:
      {
        integrity: sha512-DiRqmlIsJGZUiOHcAWrxxX9y2YRLu5H8hKxVNI0BNNqpRnyo4XyTmx5ntXhjA9i930oMcUspPIgYP2NsyNklEg==,
      }
    engines: { node: ">=20.10.0" }
    dependencies:
      deepmerge: 4.3.1
    dev: false

  /@shopify/polaris@13.1.0(react-dom@18.2.0)(react@18.2.0):
    resolution:
      {
        integrity: sha512-HNxsLryfKwCRJYljb4bJScgUIymiGK3QSHUGR+uesiFBhh/e32MXgu48wyqPlhBXMRpfdjLPXK7NXguIfCcdPw==,
        tarball: https://registry.npmjs.org/@shopify/polaris/-/polaris-13.1.0.tgz,
      }
    engines: { node: ">=20.10.0" }
    peerDependencies:
      react: ^18.0.0
      react-dom: ^18.0.0
    dependencies:
      "@shopify/polaris-icons": 9.0.0(react@18.2.0)
      "@shopify/polaris-tokens": 9.0.0
      "@types/react": 18.2.79
      "@types/react-dom": 18.2.25
      "@types/react-transition-group": 4.4.7
      react: 18.2.0
      react-dom: 18.2.0(react@18.2.0)
      react-fast-compare: 3.2.2
      react-transition-group: 4.4.5(react-dom@18.2.0)(react@18.2.0)
    dev: false

  /@stackblitz/sdk@1.9.0:
    resolution:
      {
        integrity: sha512-3m6C7f8pnR5KXys/Hqx2x6ylnpqOak6HtnZI6T5keEO0yT+E4Spkw37VEbdwuC+2oxmjdgq6YZEgiKX7hM1GmQ==,
      }
    dev: false

  /@swc/core-darwin-arm64@1.4.0:
    resolution:
      {
        integrity: sha512-UTJ/Vz+s7Pagef6HmufWt6Rs0aUu+EJF4Pzuwvr7JQQ5b1DZeAAUeUtkUTFx/PvCbM8Xfw4XdKBUZfrIKCfW8A==,
      }
    engines: { node: ">=10" }
    cpu: [arm64]
    os: [darwin]
    requiresBuild: true
    dev: false
    optional: true

  /@swc/core-darwin-x64@1.4.0:
    resolution:
      {
        integrity: sha512-f8v58u2GsGak8EtZFN9guXqE0Ep10Suny6xriaW2d8FGqESPyNrnBzli3aqkSeQk5gGqu2zJ7WiiKp3XoUOidA==,
      }
    engines: { node: ">=10" }
    cpu: [x64]
    os: [darwin]
    requiresBuild: true
    dev: false
    optional: true

  /@swc/core-linux-arm-gnueabihf@1.4.0:
    resolution:
      {
        integrity: sha512-q2KAkBzmPcTnRij/Y1fgHCKAGevUX/H4uUESrw1J5gmUg9Qip6onKV80lTumA1/aooGJ18LOsB31qdbwmZk9OA==,
      }
    engines: { node: ">=10" }
    cpu: [arm]
    os: [linux]
    requiresBuild: true
    dev: false
    optional: true

  /@swc/core-linux-arm64-gnu@1.4.0:
    resolution:
      {
        integrity: sha512-SknGu96W0mzHtLHWm+62fk5+Omp9fMPFO7AWyGFmz2tr8EgRRXtTSrBUnWhAbgcalnhen48GsvtMdxf1KNputg==,
      }
    engines: { node: ">=10" }
    cpu: [arm64]
    os: [linux]
    requiresBuild: true
    dev: false
    optional: true

  /@swc/core-linux-arm64-musl@1.4.0:
    resolution:
      {
        integrity: sha512-/k3TDvpBRMDNskHooNN1KqwUhcwkfBlIYxRTnJvsfT2C7My4pffR+4KXmt0IKynlTTbCdlU/4jgX4801FSuliw==,
      }
    engines: { node: ">=10" }
    cpu: [arm64]
    os: [linux]
    requiresBuild: true
    dev: false
    optional: true

  /@swc/core-linux-x64-gnu@1.4.0:
    resolution:
      {
        integrity: sha512-GYsTMvNt5+WTVlwwQzOOWsPMw6P/F41u5PGHWmfev8Nd4QJ1h3rWPySKk4mV42IJwH9MgQCVSl3ygwNqwl6kFg==,
      }
    engines: { node: ">=10" }
    cpu: [x64]
    os: [linux]
    requiresBuild: true
    dev: false
    optional: true

  /@swc/core-linux-x64-musl@1.4.0:
    resolution:
      {
        integrity: sha512-jGVPdM/VwF7kK/uYRW5N6FwzKf/FnDjGIR3RPvQokjYJy7Auk+3Oj21C0Jev7sIT9RYnO/TrFEoEozKeD/z2Qw==,
      }
    engines: { node: ">=10" }
    cpu: [x64]
    os: [linux]
    requiresBuild: true
    dev: false
    optional: true

  /@swc/core-win32-arm64-msvc@1.4.0:
    resolution:
      {
        integrity: sha512-biHYm1AronEKlt47O/H8sSOBM2BKXMmWT+ApvlxUw50m1RGNnVnE0bgY7tylFuuSiWyXsQPJbmUV708JqORXVg==,
      }
    engines: { node: ">=10" }
    cpu: [arm64]
    os: [win32]
    requiresBuild: true
    dev: false
    optional: true

  /@swc/core-win32-ia32-msvc@1.4.0:
    resolution:
      {
        integrity: sha512-TL5L2tFQb19kJwv6+elToGBj74QXCn9j+hZfwQatvZEJRA5rDK16eH6oAE751dGUArhnWlW3Vj65hViPvTuycw==,
      }
    engines: { node: ">=10" }
    cpu: [ia32]
    os: [win32]
    requiresBuild: true
    dev: false
    optional: true

  /@swc/core-win32-x64-msvc@1.4.0:
    resolution:
      {
        integrity: sha512-e2xVezU7XZ2Stzn4i7TOQe2Kn84oYdG0M3A7XI7oTdcpsKCcKwgiMoroiAhqCv+iN20KNqhnWwJiUiTj/qN5AA==,
      }
    engines: { node: ">=10" }
    cpu: [x64]
    os: [win32]
    requiresBuild: true
    dev: false
    optional: true

  /@swc/core@1.4.0:
    resolution:
      {
        integrity: sha512-wc5DMI5BJftnK0Fyx9SNJKkA0+BZSJQx8430yutWmsILkHMBD3Yd9GhlMaxasab9RhgKqZp7Ht30hUYO5ZDvQg==,
      }
    engines: { node: ">=10" }
    requiresBuild: true
    peerDependencies:
      "@swc/helpers": ^0.5.0
    peerDependenciesMeta:
      "@swc/helpers":
        optional: true
    dependencies:
      "@swc/counter": 0.1.2
      "@swc/types": 0.1.5
    optionalDependencies:
      "@swc/core-darwin-arm64": 1.4.0
      "@swc/core-darwin-x64": 1.4.0
      "@swc/core-linux-arm-gnueabihf": 1.4.0
      "@swc/core-linux-arm64-gnu": 1.4.0
      "@swc/core-linux-arm64-musl": 1.4.0
      "@swc/core-linux-x64-gnu": 1.4.0
      "@swc/core-linux-x64-musl": 1.4.0
      "@swc/core-win32-arm64-msvc": 1.4.0
      "@swc/core-win32-ia32-msvc": 1.4.0
      "@swc/core-win32-x64-msvc": 1.4.0
    dev: false

  /@swc/counter@0.1.2:
    resolution:
      {
        integrity: sha512-9F4ys4C74eSTEUNndnER3VJ15oru2NumfQxS8geE+f3eB5xvfxpWyqE5XlVnxb/R14uoXi6SLbBwwiDSkv+XEw==,
      }
    dev: false

  /@swc/types@0.1.5:
    resolution:
      {
        integrity: sha512-myfUej5naTBWnqOCc/MdVOLVjXUXtIA+NpDrDBKJtLLg2shUjBu3cZmB/85RyitKc55+lUUyl7oRfLOvkr2hsw==,
      }
    dev: false

  /@types/estree@1.0.5:
    resolution:
      {
        integrity: sha512-/kYRxGDLWzHOB7q+wtSUQlFrtcdUccpfy+X+9iMBpHK8QLLhx2wIPYuS5DYtR9Wa/YlZAbIovy7qVdB1Aq6Lyw==,
      }
    dev: false

  /@types/js-cookie@2.2.7:
    resolution:
      {
        integrity: sha512-aLkWa0C0vO5b4Sr798E26QgOkss68Un0bLjs7u9qxzPT5CG+8DuNTffWES58YzJs3hrVAOs1wonycqEBqNJubA==,
      }
    dev: false

  /@types/lodash-es@4.17.12:
    resolution:
      {
        integrity: sha512-0NgftHUcV4v34VhXm8QBSftKVXtbkBG3ViCjs6+eJ5a6y6Mi/jiFGPc1sC7QK+9BFhWrURE3EOggmWaSxL9OzQ==,
      }
    dependencies:
      "@types/lodash": 4.14.199
    dev: false

  /@types/lodash@4.14.199:
    resolution:
      {
        integrity: sha512-Vrjz5N5Ia4SEzWWgIVwnHNEnb1UE1XMkvY5DGXrAeOGE9imk0hgTHh5GyDjLDJi9OTCn9oo9dXH1uToK1VRfrg==,
      }
    dev: false

  /@types/prismjs@1.26.2:
    resolution:
      {
        integrity: sha512-/r7Cp7iUIk7gts26mHXD66geUC+2Fo26TZYjQK6Nr4LDfi6lmdRmMqM0oPwfiMhUwoBAOFe8GstKi2pf6hZvwA==,
      }
    dev: false

  /@types/prop-types@15.7.8:
    resolution:
      {
        integrity: sha512-kMpQpfZKSCBqltAJwskgePRaYRFukDkm1oItcAbC3gNELR20XIBcN9VRgg4+m8DKsTfkWeA4m4Imp4DDuWy7FQ==,
      }
    dev: false

  /@types/react-dom@18.2.25:
    resolution:
      {
        integrity: sha512-o/V48vf4MQh7juIKZU2QGDfli6p1+OOi5oXx36Hffpc9adsHeXjVp8rHuPkjd8VT8sOJ2Zp05HR7CdpGTIUFUA==,
      }
    dependencies:
      "@types/react": 18.2.79
    dev: false

  /@types/react-transition-group@4.4.7:
    resolution:
      {
        integrity: sha512-ICCyBl5mvyqYp8Qeq9B5G/fyBSRC0zx3XM3sCC6KkcMsNeAHqXBKkmat4GqdJET5jtYUpZXrxI5flve5qhi2Eg==,
      }
    dependencies:
      "@types/react": 18.2.79
    dev: false

  /@types/react@18.2.79:
    resolution:
      {
        integrity: sha512-RwGAGXPl9kSXwdNTafkOEuFrTBD5SA2B3iEB96xi8+xu5ddUa/cpvyVCSNn+asgLCTHkb5ZxN8gbuibYJi4s1w==,
      }
    dependencies:
      "@types/prop-types": 15.7.8
      csstype: 3.1.2
    dev: false

  /@vitejs/plugin-react-swc@3.6.0(vite@5.2.9):
    resolution:
      {
        integrity: sha512-XFRbsGgpGxGzEV5i5+vRiro1bwcIaZDIdBRP16qwm+jP68ue/S8FJTBEgOeojtVDYrbSua3XFp71kC8VJE6v+g==,
      }
    peerDependencies:
      vite: ^4 || ^5
    dependencies:
      "@swc/core": 1.4.0
      vite: 5.2.9
    transitivePeerDependencies:
      - "@swc/helpers"
    dev: false

  /@xobotyi/scrollbar-width@1.9.5:
    resolution:
      {
        integrity: sha512-N8tkAACJx2ww8vFMneJmaAgmjAG1tnVBZJRLRcx061tmsLRZHSEZSLuGWnwPtunsSLvSqXQ2wfp7Mgqg1I+2dQ==,
      }
    dev: false

  /classnames@2.5.1:
    resolution:
      {
        integrity: sha512-saHYOzhIQs6wy2sVxTM6bUDsQO4F50V9RQ22qBpEdCW+I+/Wmke2HOl6lS6dTpdxVhb88/I6+Hs+438c3lfUow==,
      }
    dev: false

  /clsx@2.0.0:
    resolution:
      {
        integrity: sha512-rQ1+kcj+ttHG0MKVGBUXwayCCF1oh39BF5COIpRzuCEv8Mwjv0XucrI2ExNTOn9IlLifGClWQcU9BrZORvtw6Q==,
      }
    engines: { node: ">=6" }
    dev: false

  /copy-to-clipboard@3.3.3:
    resolution:
      {
        integrity: sha512-2KV8NhB5JqC3ky0r9PMCAZKbUHSwtEo4CwCs0KXgruG43gX5PMqDEBbVU4OUzw2MuAWUfsuFmWvEKG5QRfSnJA==,
      }
    dependencies:
      toggle-selection: 1.0.6
    dev: false

  /css-in-js-utils@3.1.0:
    resolution:
      {
        integrity: sha512-fJAcud6B3rRu+KHYk+Bwf+WFL2MDCJJ1XG9x137tJQ0xYxor7XziQtuGFbWNdqrvF4Tk26O3H73nfVqXt/fW1A==,
      }
    dependencies:
      hyphenate-style-name: 1.0.4
    dev: false

  /css-tree@1.1.3:
    resolution:
      {
        integrity: sha512-tRpdppF7TRazZrjJ6v3stzv93qxRcSsFmW6cX0Zm2NVKpxE1WV1HblnghVv9TreireHkqI/VDEsfolRF1p6y7Q==,
      }
    engines: { node: ">=8.0.0" }
    dependencies:
      mdn-data: 2.0.14
      source-map: 0.6.1
    dev: false

  /csstype@3.1.2:
    resolution:
      {
        integrity: sha512-I7K1Uu0MBPzaFKg4nI5Q7Vs2t+3gWWW648spaF+Rg7pI9ds18Ugn+lvg4SHczUdKlHI5LWBXyqfS8+DufyBsgQ==,
      }
    dev: false

  /deepmerge@4.3.1:
    resolution:
      {
        integrity: sha512-3sUqbMEc77XqpdNO7FRyRog+eW3ph+GYCbj+rK+uYyRMuwsVy0rMiVtPn+QJlKFvWP/1PYpapqYn0Me2knFn+A==,
      }
    engines: { node: ">=0.10.0" }
    dev: false

  /dom-helpers@5.2.1:
    resolution:
      {
        integrity: sha512-nRCa7CK3VTrM2NmGkIy4cbK7IZlgBE/PYMn55rrXefr5xXDP0LdtfPnblFDoVdcAfslJ7or6iqAUnx0CCGIWQA==,
      }
    dependencies:
      "@babel/runtime": 7.23.2
      csstype: 3.1.2
    dev: false

  /error-stack-parser@2.1.4:
    resolution:
      {
        integrity: sha512-Sk5V6wVazPhq5MhpO+AUxJn5x7XSXGl1R93Vn7i+zS15KDVxQijejNCrz8340/2bgLBjR9GtEG8ZVKONDjcqGQ==,
      }
    dependencies:
      stackframe: 1.3.4
    dev: false

  /esbuild@0.20.2:
    resolution:
      {
        integrity: sha512-WdOOppmUNU+IbZ0PaDiTst80zjnrOkyJNHoKupIcVyU8Lvla3Ugx94VzkQ32Ijqd7UhHJy75gNWDMUekcrSJ6g==,
      }
    engines: { node: ">=12" }
    hasBin: true
    requiresBuild: true
    optionalDependencies:
      "@esbuild/aix-ppc64": 0.20.2
      "@esbuild/android-arm": 0.20.2
      "@esbuild/android-arm64": 0.20.2
      "@esbuild/android-x64": 0.20.2
      "@esbuild/darwin-arm64": 0.20.2
      "@esbuild/darwin-x64": 0.20.2
      "@esbuild/freebsd-arm64": 0.20.2
      "@esbuild/freebsd-x64": 0.20.2
      "@esbuild/linux-arm": 0.20.2
      "@esbuild/linux-arm64": 0.20.2
      "@esbuild/linux-ia32": 0.20.2
      "@esbuild/linux-loong64": 0.20.2
      "@esbuild/linux-mips64el": 0.20.2
      "@esbuild/linux-ppc64": 0.20.2
      "@esbuild/linux-riscv64": 0.20.2
      "@esbuild/linux-s390x": 0.20.2
      "@esbuild/linux-x64": 0.20.2
      "@esbuild/netbsd-x64": 0.20.2
      "@esbuild/openbsd-x64": 0.20.2
      "@esbuild/sunos-x64": 0.20.2
      "@esbuild/win32-arm64": 0.20.2
      "@esbuild/win32-ia32": 0.20.2
      "@esbuild/win32-x64": 0.20.2
    dev: false

  /fast-deep-equal@3.1.3:
    resolution:
      {
        integrity: sha512-f3qQ9oQy9j2AhBe/H9VC91wLmKBCCU/gDOnKNAYG5hswO7BLKj09Hc5HYNz9cGI++xlpDCIgDaitVs03ATR84Q==,
      }
    dev: false

  /fast-loops@1.1.3:
    resolution:
      {
        integrity: sha512-8EZzEP0eKkEEVX+drtd9mtuQ+/QrlfW/5MlwcwK5Nds6EkZ/tRzEexkzUY2mIssnAyVLT+TKHuRXmFNNXYUd6g==,
      }
    dev: false

  /fast-shallow-equal@1.0.0:
    resolution:
      {
        integrity: sha512-HPtaa38cPgWvaCFmRNhlc6NG7pv6NUHqjPgVAkWGoB9mQMwYB27/K0CvOM5Czy+qpT3e8XJ6Q4aPAnzpNpzNaw==,
      }
    dev: false

  /fastest-stable-stringify@2.0.2:
    resolution:
      {
        integrity: sha512-bijHueCGd0LqqNK9b5oCMHc0MluJAx0cwqASgbWMvkO01lCYgIhacVRLcaDz3QnyYIRNJRDwMb41VuT6pHJ91Q==,
      }
    dev: false

  /fsevents@2.3.3:
    resolution:
      {
        integrity: sha512-5xoDfX+fL7faATnagmWPpbFtwh/R77WmMMqqHGS65C3vvB0YHrgF+B1YmZ3441tMj5n63k0212XNoJwzlhffQw==,
      }
    engines: { node: ^8.16.0 || ^10.6.0 || >=11.0.0 }
    os: [darwin]
    requiresBuild: true
    dev: false
    optional: true

  /hyphenate-style-name@1.0.4:
    resolution:
      {
        integrity: sha512-ygGZLjmXfPHj+ZWh6LwbC37l43MhfztxetbFCoYTM2VjkIUpeHgSNn7QIyVFj7YQ1Wl9Cbw5sholVJPzWvC2MQ==,
      }
    dev: false

  /immer@10.0.4:
    resolution:
      {
        integrity: sha512-cuBuGK40P/sk5IzWa9QPUaAdvPHjkk1c+xYsd9oZw+YQQEV+10G0P5uMpGctZZKnyQ+ibRO08bD25nWLmYi2pw==,
      }
    dev: false

  /inline-style-prefixer@7.0.0:
    resolution:
      {
        integrity: sha512-I7GEdScunP1dQ6IM2mQWh6v0mOYdYmH3Bp31UecKdrcUgcURTcctSe1IECdUznSHKSmsHtjrT3CwCPI1pyxfUQ==,
      }
    dependencies:
      css-in-js-utils: 3.1.0
      fast-loops: 1.1.3
    dev: false

  /js-cookie@2.2.1:
    resolution:
      {
        integrity: sha512-HvdH2LzI/EAZcUwA8+0nKNtWHqS+ZmijLA30RwZA0bo7ToCckjK5MkGhjED9KoRcXO6BaGI3I9UIzSA1FKFPOQ==,
      }
    dev: false

  /js-tokens@4.0.0:
    resolution:
      {
        integrity: sha512-RdJUflcE3cUzKiMqQgsCu06FPu9UdIJO0beYbPhHN4k6apgJtifcoCtT9bcxOpYBtpD2kCM6Sbzg4CausW/PKQ==,
      }
    dev: false

  /lodash-es@4.17.21:
    resolution:
      {
        integrity: sha512-mKnC+QJ9pWVzv+C4/U3rRsHapFfHvQFoFB92e52xeyGMcX6/OlIl78je1u8vePzYZSkkogMPJ2yjxxsb89cxyw==,
      }
    dev: false

  /loose-envify@1.4.0:
    resolution:
      {
        integrity: sha512-lyuxPGr/Wfhrlem2CL/UcnUc1zcqKAImBDzukY7Y5F/yQiNdko6+fRLevlw1HgMySw7f611UIY408EtxRSoK3Q==,
      }
    hasBin: true
    dependencies:
      js-tokens: 4.0.0
    dev: false

  /lz-string@1.5.0:
    resolution:
      {
        integrity: sha512-h5bgJWpxJNswbU7qCrV0tIKQCaS3blPDrqKWx+QxzuzL1zGUzij9XCWLrSLsJPu5t+eWA/ycetzYAO5IOMcWAQ==,
      }
    hasBin: true
    dev: false

  /mdn-data@2.0.14:
    resolution:
      {
        integrity: sha512-dn6wd0uw5GsdswPFfsgMp5NSB0/aDe6fK94YJV/AJDYXL6HVLWBsxeq7js7Ad+mU2K9LAlwpk6kN2D5mwCPVow==,
      }
    dev: false

  /nano-css@5.6.1(react-dom@18.2.0)(react@18.2.0):
    resolution:
      {
        integrity: sha512-T2Mhc//CepkTa3X4pUhKgbEheJHYAxD0VptuqFhDbGMUWVV2m+lkNiW/Ieuj35wrfC8Zm0l7HvssQh7zcEttSw==,
      }
    peerDependencies:
      react: "*"
      react-dom: "*"
    dependencies:
      "@jridgewell/sourcemap-codec": 1.4.15
      css-tree: 1.1.3
      csstype: 3.1.2
      fastest-stable-stringify: 2.0.2
      inline-style-prefixer: 7.0.0
      react: 18.2.0
      react-dom: 18.2.0(react@18.2.0)
      rtl-css-js: 1.16.1
      stacktrace-js: 2.0.2
      stylis: 4.3.0
    dev: false

  /nanoid@3.3.7:
    resolution:
      {
        integrity: sha512-eSRppjcPIatRIMC1U6UngP8XFcz8MQWGQdt1MTBQ7NaAmvXDfvNxbvWV3x2y6CdEUciCSsDHDQZbhYaB8QEo2g==,
      }
    engines: { node: ^10 || ^12 || ^13.7 || ^14 || >=15.0.1 }
    hasBin: true
    dev: false

  /nanoid@5.0.7:
    resolution:
      {
        integrity: sha512-oLxFY2gd2IqnjcYyOXD8XGCftpGtZP2AbHbOkthDkvRywH5ayNtPVy9YlOPcHckXzbLTCHpkb7FB+yuxKV13pQ==,
      }
    engines: { node: ^18 || >=20 }
    hasBin: true
    dev: false

  /object-assign@4.1.1:
    resolution:
      {
        integrity: sha512-rJgTQnkUnH1sFw8yT6VSU3zD3sWmu6sZhIseY8VX+GRu3P6F7Fu+JNDoXfklElbLJSnc3FUQHVe4cU5hj+BcUg==,
      }
    engines: { node: ">=0.10.0" }
    dev: false

  /picocolors@1.0.0:
    resolution:
      {
        integrity: sha512-1fygroTLlHu66zi26VoTDv8yRgm0Fccecssto+MhsZ0D/DGW2sm8E8AjW7NU5VVTRt5GxbeZ5qBuJr+HyLYkjQ==,
      }
    dev: false

  /postcss@8.4.38:
    resolution:
      {
        integrity: sha512-Wglpdk03BSfXkHoQa3b/oulrotAkwrlLDRSOb9D0bN86FdRyE9lppSp33aHNPgBa0JKCoB+drFLZkQoRRYae5A==,
      }
    engines: { node: ^10 || ^12 || >=14 }
    dependencies:
      nanoid: 3.3.7
      picocolors: 1.0.0
      source-map-js: 1.2.0
    dev: false

  /prettier@3.2.5:
    resolution:
      {
        integrity: sha512-3/GWa9aOC0YeD7LUfvOG2NiDyhOWRvt1k+rcKhOuYnMY24iiCphgneUfJDyFXd6rZCAnuLBv6UeAULtrhT/F4A==,
      }
    engines: { node: ">=14" }
    hasBin: true
    dev: false

  /prism-react-renderer@2.3.1(react@18.2.0):
    resolution:
      {
        integrity: sha512-Rdf+HzBLR7KYjzpJ1rSoxT9ioO85nZngQEoFIhL07XhtJHlCU3SOz0GJ6+qvMyQe0Se+BV3qpe6Yd/NmQF5Juw==,
      }
    peerDependencies:
      react: ">=16.0.0"
    dependencies:
      "@types/prismjs": 1.26.2
      clsx: 2.0.0
      react: 18.2.0
    dev: false

  /prop-types@15.8.1:
    resolution:
      {
        integrity: sha512-oj87CgZICdulUohogVAR7AjlC0327U4el4L6eAvOqCeudMDVU0NThNaV+b9Df4dXgSP1gXMTnPdhfe/2qDH5cg==,
      }
    dependencies:
      loose-envify: 1.4.0
      object-assign: 4.1.1
      react-is: 16.13.1
    dev: false

  /react-dom@18.2.0(react@18.2.0):
    resolution:
      {
        integrity: sha512-6IMTriUmvsjHUjNtEDudZfuDQUoWXVxKHhlEGSk81n4YFS+r/Kl99wXiwlVXtPBtJenozv2P+hxDsw9eA7Xo6g==,
      }
    peerDependencies:
      react: ^18.2.0
    dependencies:
      loose-envify: 1.4.0
      react: 18.2.0
      scheduler: 0.23.0
    dev: false

  /react-error-boundary@4.0.13(react@18.2.0):
    resolution:
      {
        integrity: sha512-b6PwbdSv8XeOSYvjt8LpgpKrZ0yGdtZokYwkwV2wlcZbxgopHX/hgPl5VgpnoVOWd868n1hktM8Qm4b+02MiLQ==,
      }
    peerDependencies:
      react: ">=16.13.1"
    dependencies:
      "@babel/runtime": 7.23.2
      react: 18.2.0
    dev: false

  /react-fast-compare@3.2.2:
    resolution:
      {
        integrity: sha512-nsO+KSNgo1SbJqJEYRE9ERzo7YtYbou/OqjSQKxV7jcKox7+usiUVZOAC+XnDOABXggQTno0Y1CpVnuWEc1boQ==,
      }
    dev: false

  /react-is@16.13.1:
    resolution:
      {
        integrity: sha512-24e6ynE2H+OKt4kqsOvNd8kBpV65zoxbA4BVsEOB3ARVWQki/DHzaUoC5KuON/BiccDaCCTZBuOcfZs70kR8bQ==,
      }
    dev: false

  /react-lifecycles-compat@3.0.4:
    resolution:
      {
        integrity: sha512-fBASbA6LnOU9dOU2eW7aQ8xmYBSXUIWr+UmF9b1efZBazGNO+rcXT/icdKnYm2pTwcRylVUYwW7H1PHfLekVzA==,
      }
    dev: false

  /react-split-pane@0.1.92(react-dom@18.2.0)(react@18.2.0):
    resolution:
      {
        integrity: sha512-GfXP1xSzLMcLJI5BM36Vh7GgZBpy+U/X0no+VM3fxayv+p1Jly5HpMofZJraeaMl73b3hvlr+N9zJKvLB/uz9w==,
      }
    peerDependencies:
      react: ^16.0.0-0
      react-dom: ^16.0.0-0
    dependencies:
      prop-types: 15.8.1
      react: 18.2.0
      react-dom: 18.2.0(react@18.2.0)
      react-lifecycles-compat: 3.0.4
      react-style-proptype: 3.2.2
    dev: false

  /react-style-proptype@3.2.2:
    resolution:
      {
        integrity: sha512-ywYLSjNkxKHiZOqNlso9PZByNEY+FTyh3C+7uuziK0xFXu9xzdyfHwg4S9iyiRRoPCR4k2LqaBBsWVmSBwCWYQ==,
      }
    dependencies:
      prop-types: 15.8.1
    dev: false

  /react-transition-group@4.4.5(react-dom@18.2.0)(react@18.2.0):
    resolution:
      {
        integrity: sha512-pZcd1MCJoiKiBR2NRxeCRg13uCXbydPnmB4EOeRrY7480qNWO8IIgQG6zlDkm6uRMsURXPuKq0GWtiM59a5Q6g==,
      }
    peerDependencies:
      react: ">=16.6.0"
      react-dom: ">=16.6.0"
    dependencies:
      "@babel/runtime": 7.23.2
      dom-helpers: 5.2.1
      loose-envify: 1.4.0
      prop-types: 15.8.1
      react: 18.2.0
      react-dom: 18.2.0(react@18.2.0)
    dev: false

  /react-universal-interface@0.6.2(react@18.2.0)(tslib@2.6.2):
    resolution:
      {
        integrity: sha512-dg8yXdcQmvgR13RIlZbTRQOoUrDciFVoSBZILwjE2LFISxZZ8loVJKAkuzswl5js8BHda79bIb2b84ehU8IjXw==,
      }
    peerDependencies:
      react: "*"
      tslib: "*"
    dependencies:
      react: 18.2.0
      tslib: 2.6.2
    dev: false

  /react-use@17.5.0(react-dom@18.2.0)(react@18.2.0):
    resolution:
      {
        integrity: sha512-PbfwSPMwp/hoL847rLnm/qkjg3sTRCvn6YhUZiHaUa3FA6/aNoFX79ul5Xt70O1rK+9GxSVqkY0eTwMdsR/bWg==,
      }
    peerDependencies:
      react: "*"
      react-dom: "*"
    dependencies:
      "@types/js-cookie": 2.2.7
      "@xobotyi/scrollbar-width": 1.9.5
      copy-to-clipboard: 3.3.3
      fast-deep-equal: 3.1.3
      fast-shallow-equal: 1.0.0
      js-cookie: 2.2.1
      nano-css: 5.6.1(react-dom@18.2.0)(react@18.2.0)
      react: 18.2.0
      react-dom: 18.2.0(react@18.2.0)
      react-universal-interface: 0.6.2(react@18.2.0)(tslib@2.6.2)
      resize-observer-polyfill: 1.5.1
      screenfull: 5.2.0
      set-harmonic-interval: 1.0.1
      throttle-debounce: 3.0.1
      ts-easing: 0.2.0
      tslib: 2.6.2
    dev: false

  /react@18.2.0:
    resolution:
      {
        integrity: sha512-/3IjMdb2L9QbBdWiW5e3P2/npwMBaU9mHCSCUzNln0ZCYbcfTsGbTJrU/kGemdH2IWmB2ioZ+zkxtmq6g09fGQ==,
      }
    engines: { node: ">=0.10.0" }
    dependencies:
      loose-envify: 1.4.0
    dev: false

  /regenerator-runtime@0.14.0:
    resolution:
      {
        integrity: sha512-srw17NI0TUWHuGa5CFGGmhfNIeja30WMBfbslPNhf6JrqQlLN5gcrvig1oqPxiVaXb0oW0XRKtH6Nngs5lKCIA==,
      }
    dev: false

  /resize-observer-polyfill@1.5.1:
    resolution:
      {
        integrity: sha512-LwZrotdHOo12nQuZlHEmtuXdqGoOD0OhaxopaNFxWzInpEgaLWoVuAMbTzixuosCx2nEG58ngzW3vxdWoxIgdg==,
      }
    dev: false

  /rollup@4.13.0:
    resolution:
      {
        integrity: sha512-3YegKemjoQnYKmsBlOHfMLVPPA5xLkQ8MHLLSw/fBrFaVkEayL51DilPpNNLq1exr98F2B1TzrV0FUlN3gWRPg==,
      }
    engines: { node: ">=18.0.0", npm: ">=8.0.0" }
    hasBin: true
    dependencies:
      "@types/estree": 1.0.5
    optionalDependencies:
      "@rollup/rollup-android-arm-eabi": 4.13.0
      "@rollup/rollup-android-arm64": 4.13.0
      "@rollup/rollup-darwin-arm64": 4.13.0
      "@rollup/rollup-darwin-x64": 4.13.0
      "@rollup/rollup-linux-arm-gnueabihf": 4.13.0
      "@rollup/rollup-linux-arm64-gnu": 4.13.0
      "@rollup/rollup-linux-arm64-musl": 4.13.0
      "@rollup/rollup-linux-riscv64-gnu": 4.13.0
      "@rollup/rollup-linux-x64-gnu": 4.13.0
      "@rollup/rollup-linux-x64-musl": 4.13.0
      "@rollup/rollup-win32-arm64-msvc": 4.13.0
      "@rollup/rollup-win32-ia32-msvc": 4.13.0
      "@rollup/rollup-win32-x64-msvc": 4.13.0
      fsevents: 2.3.3
    dev: false

  /rtl-css-js@1.16.1:
    resolution:
      {
        integrity: sha512-lRQgou1mu19e+Ya0LsTvKrVJ5TYUbqCVPAiImX3UfLTenarvPUl1QFdvu5Z3PYmHT9RCcwIfbjRQBntExyj3Zg==,
      }
    dependencies:
      "@babel/runtime": 7.23.2
    dev: false

  /scheduler@0.23.0:
    resolution:
      {
        integrity: sha512-CtuThmgHNg7zIZWAXi3AsyIzA3n4xx7aNyjwC2VJldO2LMVDhFK+63xGqq6CsJH4rTAt6/M+N4GhZiDYPx9eUw==,
      }
    dependencies:
      loose-envify: 1.4.0
    dev: false

  /screenfull@5.2.0:
    resolution:
      {
        integrity: sha512-9BakfsO2aUQN2K9Fdbj87RJIEZ82Q9IGim7FqM5OsebfoFC6ZHXgDq/KvniuLTPdeM8wY2o6Dj3WQ7KeQCj3cA==,
      }
    engines: { node: ">=0.10.0" }
    dev: false

  /set-harmonic-interval@1.0.1:
    resolution:
      {
        integrity: sha512-AhICkFV84tBP1aWqPwLZqFvAwqEoVA9kxNMniGEUvzOlm4vLmOFLiTT3UZ6bziJTy4bOVpzWGTfSCbmaayGx8g==,
      }
    engines: { node: ">=6.9" }
    dev: false

  /source-map-js@1.2.0:
    resolution:
      {
        integrity: sha512-itJW8lvSA0TXEphiRoawsCksnlf8SyvmFzIhltqAHluXd88pkCd+cXJVHTDwdCr0IzwptSm035IHQktUu1QUMg==,
      }
    engines: { node: ">=0.10.0" }
    dev: false

  /source-map@0.5.6:
    resolution:
      {
        integrity: sha512-MjZkVp0NHr5+TPihLcadqnlVoGIoWo4IBHptutGh9wI3ttUYvCG26HkSuDi+K6lsZ25syXJXcctwgyVCt//xqA==,
      }
    engines: { node: ">=0.10.0" }
    dev: false

  /source-map@0.6.1:
    resolution:
      {
        integrity: sha512-UjgapumWlbMhkBgzT7Ykc5YXUT46F0iKu8SGXq0bcwP5dz/h0Plj6enJqjz1Zbq2l5WaqYnrVbwWOWMyF3F47g==,
      }
    engines: { node: ">=0.10.0" }
    dev: false

  /stack-generator@2.0.10:
    resolution:
      {
        integrity: sha512-mwnua/hkqM6pF4k8SnmZ2zfETsRUpWXREfA/goT8SLCV4iOFa4bzOX2nDipWAZFPTjLvQB82f5yaodMVhK0yJQ==,
      }
    dependencies:
      stackframe: 1.3.4
    dev: false

  /stackframe@1.3.4:
    resolution:
      {
        integrity: sha512-oeVtt7eWQS+Na6F//S4kJ2K2VbRlS9D43mAlMyVpVWovy9o+jfgH8O9agzANzaiLjclA0oYzUXEM4PurhSUChw==,
      }
    dev: false

  /stacktrace-gps@3.1.2:
    resolution:
      {
        integrity: sha512-GcUgbO4Jsqqg6RxfyTHFiPxdPqF+3LFmQhm7MgCuYQOYuWyqxo5pwRPz5d/u6/WYJdEnWfK4r+jGbyD8TSggXQ==,
      }
    dependencies:
      source-map: 0.5.6
      stackframe: 1.3.4
    dev: false

  /stacktrace-js@2.0.2:
    resolution:
      {
        integrity: sha512-Je5vBeY4S1r/RnLydLl0TBTi3F2qdfWmYsGvtfZgEI+SCprPppaIhQf5nGcal4gI4cGpCV/duLcAzT1np6sQqg==,
      }
    dependencies:
      error-stack-parser: 2.1.4
      stack-generator: 2.0.10
      stacktrace-gps: 3.1.2
    dev: false

  /stylis@4.3.0:
    resolution:
      {
        integrity: sha512-E87pIogpwUsUwXw7dNyU4QDjdgVMy52m+XEOPEKUn161cCzWjjhPSQhByfd1CcNvrOLnXQ6OnnZDwnJrz/Z4YQ==,
      }
    dev: false

  /throttle-debounce@3.0.1:
    resolution:
      {
        integrity: sha512-dTEWWNu6JmeVXY0ZYoPuH5cRIwc0MeGbJwah9KUNYSJwommQpCzTySTpEe8Gs1J23aeWEuAobe4Ag7EHVt/LOg==,
      }
    engines: { node: ">=10" }
    dev: false

  /toggle-selection@1.0.6:
    resolution:
      {
        integrity: sha512-BiZS+C1OS8g/q2RRbJmy59xpyghNBqrr6k5L/uKBGRsTfxmu3ffiRnd8mlGPUVayg8pvfi5urfnu8TU7DVOkLQ==,
      }
    dev: false

  /ts-easing@0.2.0:
    resolution:
      {
        integrity: sha512-Z86EW+fFFh/IFB1fqQ3/+7Zpf9t2ebOAxNI/V6Wo7r5gqiqtxmgTlQ1qbqQcjLKYeSHPTsEmvlJUDg/EuL0uHQ==,
      }
    dev: false

  /tslib@2.6.2:
    resolution:
      {
        integrity: sha512-AEYxH93jGFPn/a2iVAwW87VuUIkR1FVUKB77NwMF7nBTDkDrrT/Hpt/IrCJ0QXhW27jTBDcf5ZY7w6RiqTMw2Q==,
      }
    dev: false

  /typescript@5.4.5:
    resolution:
      {
        integrity: sha512-vcI4UpRgg81oIRUFwR0WSIHKt11nJ7SAVlYNIu+QpqeyXP+gpQJy/Z4+F0aGxSE4MqwjyXvW/TzgkLAx2AGHwQ==,
      }
    engines: { node: ">=14.17" }
    hasBin: true
    dev: false

  /use-sync-external-store@1.2.0(react@18.2.0):
    resolution:
      {
        integrity: sha512-eEgnFxGQ1Ife9bzYs6VLi8/4X6CObHMw9Qr9tPY43iKwsPw8xE8+EFsf/2cFZ5S3esXgpWgtSCtLNS41F+sKPA==,
      }
    peerDependencies:
      react: ^16.8.0 || ^17.0.0 || ^18.0.0
    dependencies:
      react: 18.2.0
    dev: false

  /vite@5.2.9:
    resolution:
      {
        integrity: sha512-uOQWfuZBlc6Y3W/DTuQ1Sr+oIXWvqljLvS881SVmAj00d5RdgShLcuXWxseWPd4HXwiYBFW/vXHfKFeqj9uQnw==,
      }
    engines: { node: ^18.0.0 || >=20.0.0 }
    hasBin: true
    peerDependencies:
      "@types/node": ^18.0.0 || >=20.0.0
      less: "*"
      lightningcss: ^1.21.0
      sass: "*"
      stylus: "*"
      sugarss: "*"
      terser: ^5.4.0
    peerDependenciesMeta:
      "@types/node":
        optional: true
      less:
        optional: true
      lightningcss:
        optional: true
      sass:
        optional: true
      stylus:
        optional: true
      sugarss:
        optional: true
      terser:
        optional: true
    dependencies:
      esbuild: 0.20.2
      postcss: 8.4.38
      rollup: 4.13.0
    optionalDependencies:
      fsevents: 2.3.3
    dev: false

  /zustand@4.5.2(@types/react@18.2.79)(immer@10.0.4)(react@18.2.0):
    resolution:
      {
        integrity: sha512-2cN1tPkDVkwCy5ickKrI7vijSjPksFRfqS6237NzT0vqSsztTNnQdHw9mmN7uBdk3gceVXU0a+21jFzFzAc9+g==,
      }
    engines: { node: ">=12.7.0" }
    peerDependencies:
      "@types/react": ">=16.8"
      immer: ">=9.0.6"
      react: ">=16.8"
    peerDependenciesMeta:
      "@types/react":
        optional: true
      immer:
        optional: true
      react:
        optional: true
    dependencies:
      "@types/react": 18.2.79
      immer: 10.0.4
      react: 18.2.0
      use-sync-external-store: 1.2.0(react@18.2.0)
    dev: false
