lockfileVersion: "6.0"

settings:
  autoInstallPeers: true
  excludeLinksFromLockfile: false

dependencies:
  "@dnd-kit/core":
    specifier: ^6.0.8
    version: 6.0.8(react-dom@18.2.0)(react@18.2.0)
  "@dnd-kit/sortable":
    specifier: ^7.0.2
    version: 7.0.2(@dnd-kit/core@6.0.8)(react@18.2.0)
  "@dnd-kit/utilities":
    specifier: ^3.2.1
    version: 3.2.1(react@18.2.0)
  "@shopify/polaris":
    specifier: ^12.0.0
    version: 12.0.0(react-dom@18.2.0)(react@18.2.0)
  "@shopify/polaris-icons":
    specifier: ^7.9.0
    version: 7.9.0
  "@shopify/polaris-tokens":
    specifier: ^8.0.0
    version: 8.0.0
  "@stackblitz/sdk":
    specifier: ^1.9.0
    version: 1.9.0
  "@types/lodash-es":
    specifier: ^4.17.10
    version: 4.17.10
  "@types/react":
    specifier: ^18.2.31
    version: 18.2.31
  "@types/react-dom":
    specifier: ^18.2.14
    version: 18.2.14
  "@vitejs/plugin-react-swc":
    specifier: ^3.4.0
    version: 3.4.0(vite@4.5.0)
  classnames:
    specifier: ^2.3.2
    version: 2.3.2
  immer:
    specifier: ^10.0.3
    version: 10.0.3
  lodash-es:
    specifier: ^4.17.21
    version: 4.17.21
  lz-string:
    specifier: ^1.5.0
    version: 1.5.0
  nanoid:
    specifier: ^5.0.2
    version: 5.0.2
  prettier:
    specifier: 3.0.3
    version: 3.0.3
  prism-react-renderer:
    specifier: ^2.1.0
    version: 2.1.0(react@18.2.0)
  react:
    specifier: ^18.2.0
    version: 18.2.0
  react-dom:
    specifier: ^18.2.0
    version: 18.2.0(react@18.2.0)
  react-split-pane:
    specifier: ^0.1.92
    version: 0.1.92(react-dom@18.2.0)(react@18.2.0)
  react-use:
    specifier: ^17.4.0
    version: 17.4.0(react-dom@18.2.0)(react@18.2.0)
  typescript:
    specifier: ^5.2.2
    version: 5.2.2
  vite:
    specifier: ^4.5.0
    version: 4.5.0
  zustand:
    specifier: ^4.4.4
    version: 4.4.4(@types/react@18.2.31)(immer@10.0.3)(react@18.2.0)

packages:
  /@babel/runtime@7.23.2:
    resolution:
      {
        integrity: sha512-mM8eg4yl5D6i3lu2QKPuPH4FArvJ8KhTofbE7jwMUv9KX5mBvwPAqnV3MlyBNqdp9RyRKP6Yck8TrfYrPvX3bg==,
      }
    engines: { node: ">=6.9.0" }
    dependencies:
      regenerator-runtime: 0.14.0
    dev: false

  /@dnd-kit/accessibility@3.0.1(react@18.2.0):
    resolution:
      {
        integrity: sha512-HXRrwS9YUYQO9lFRc/49uO/VICbM+O+ZRpFDe9Pd1rwVv2PCNkRiTZRdxrDgng/UkvdC3Re9r2vwPpXXrWeFzg==,
      }
    peerDependencies:
      react: ">=16.8.0"
    dependencies:
      react: 18.2.0
      tslib: 2.6.2
    dev: false

  /@dnd-kit/core@6.0.8(react-dom@18.2.0)(react@18.2.0):
    resolution:
      {
        integrity: sha512-lYaoP8yHTQSLlZe6Rr9qogouGUz9oRUj4AHhDQGQzq/hqaJRpFo65X+JKsdHf8oUFBzx5A+SJPUvxAwTF2OabA==,
      }
    peerDependencies:
      react: ">=16.8.0"
      react-dom: ">=16.8.0"
    dependencies:
      "@dnd-kit/accessibility": 3.0.1(react@18.2.0)
      "@dnd-kit/utilities": 3.2.1(react@18.2.0)
      react: 18.2.0
      react-dom: 18.2.0(react@18.2.0)
      tslib: 2.6.2
    dev: false

  /@dnd-kit/sortable@7.0.2(@dnd-kit/core@6.0.8)(react@18.2.0):
    resolution:
      {
        integrity: sha512-wDkBHHf9iCi1veM834Gbk1429bd4lHX4RpAwT0y2cHLf246GAvU2sVw/oxWNpPKQNQRQaeGXhAVgrOl1IT+iyA==,
      }
    peerDependencies:
      "@dnd-kit/core": ^6.0.7
      react: ">=16.8.0"
    dependencies:
      "@dnd-kit/core": 6.0.8(react-dom@18.2.0)(react@18.2.0)
      "@dnd-kit/utilities": 3.2.1(react@18.2.0)
      react: 18.2.0
      tslib: 2.6.2
    dev: false

  /@dnd-kit/utilities@3.2.1(react@18.2.0):
    resolution:
      {
        integrity: sha512-OOXqISfvBw/1REtkSK2N3Fi2EQiLMlWUlqnOK/UpOISqBZPWpE6TqL+jcPtMOkE8TqYGiURvRdPSI9hltNUjEA==,
      }
    peerDependencies:
      react: ">=16.8.0"
    dependencies:
      react: 18.2.0
      tslib: 2.6.2
    dev: false

  /@esbuild/android-arm64@0.18.20:
    resolution:
      {
        integrity: sha512-Nz4rJcchGDtENV0eMKUNa6L12zz2zBDXuhj/Vjh18zGqB44Bi7MBMSXjgunJgjRhCmKOjnPuZp4Mb6OKqtMHLQ==,
      }
    engines: { node: ">=12" }
    cpu: [arm64]
    os: [android]
    requiresBuild: true
    dev: false
    optional: true

  /@esbuild/android-arm@0.18.20:
    resolution:
      {
        integrity: sha512-fyi7TDI/ijKKNZTUJAQqiG5T7YjJXgnzkURqmGj13C6dCqckZBLdl4h7bkhHt/t0WP+zO9/zwroDvANaOqO5Sw==,
      }
    engines: { node: ">=12" }
    cpu: [arm]
    os: [android]
    requiresBuild: true
    dev: false
    optional: true

  /@esbuild/android-x64@0.18.20:
    resolution:
      {
        integrity: sha512-8GDdlePJA8D6zlZYJV/jnrRAi6rOiNaCC/JclcXpB+KIuvfBN4owLtgzY2bsxnx666XjJx2kDPUmnTtR8qKQUg==,
      }
    engines: { node: ">=12" }
    cpu: [x64]
    os: [android]
    requiresBuild: true
    dev: false
    optional: true

  /@esbuild/darwin-arm64@0.18.20:
    resolution:
      {
        integrity: sha512-bxRHW5kHU38zS2lPTPOyuyTm+S+eobPUnTNkdJEfAddYgEcll4xkT8DB9d2008DtTbl7uJag2HuE5NZAZgnNEA==,
      }
    engines: { node: ">=12" }
    cpu: [arm64]
    os: [darwin]
    requiresBuild: true
    dev: false
    optional: true

  /@esbuild/darwin-x64@0.18.20:
    resolution:
      {
        integrity: sha512-pc5gxlMDxzm513qPGbCbDukOdsGtKhfxD1zJKXjCCcU7ju50O7MeAZ8c4krSJcOIJGFR+qx21yMMVYwiQvyTyQ==,
      }
    engines: { node: ">=12" }
    cpu: [x64]
    os: [darwin]
    requiresBuild: true
    dev: false
    optional: true

  /@esbuild/freebsd-arm64@0.18.20:
    resolution:
      {
        integrity: sha512-yqDQHy4QHevpMAaxhhIwYPMv1NECwOvIpGCZkECn8w2WFHXjEwrBn3CeNIYsibZ/iZEUemj++M26W3cNR5h+Tw==,
      }
    engines: { node: ">=12" }
    cpu: [arm64]
    os: [freebsd]
    requiresBuild: true
    dev: false
    optional: true

  /@esbuild/freebsd-x64@0.18.20:
    resolution:
      {
        integrity: sha512-tgWRPPuQsd3RmBZwarGVHZQvtzfEBOreNuxEMKFcd5DaDn2PbBxfwLcj4+aenoh7ctXcbXmOQIn8HI6mCSw5MQ==,
      }
    engines: { node: ">=12" }
    cpu: [x64]
    os: [freebsd]
    requiresBuild: true
    dev: false
    optional: true

  /@esbuild/linux-arm64@0.18.20:
    resolution:
      {
        integrity: sha512-2YbscF+UL7SQAVIpnWvYwM+3LskyDmPhe31pE7/aoTMFKKzIc9lLbyGUpmmb8a8AixOL61sQ/mFh3jEjHYFvdA==,
      }
    engines: { node: ">=12" }
    cpu: [arm64]
    os: [linux]
    requiresBuild: true
    dev: false
    optional: true

  /@esbuild/linux-arm@0.18.20:
    resolution:
      {
        integrity: sha512-/5bHkMWnq1EgKr1V+Ybz3s1hWXok7mDFUMQ4cG10AfW3wL02PSZi5kFpYKrptDsgb2WAJIvRcDm+qIvXf/apvg==,
      }
    engines: { node: ">=12" }
    cpu: [arm]
    os: [linux]
    requiresBuild: true
    dev: false
    optional: true

  /@esbuild/linux-ia32@0.18.20:
    resolution:
      {
        integrity: sha512-P4etWwq6IsReT0E1KHU40bOnzMHoH73aXp96Fs8TIT6z9Hu8G6+0SHSw9i2isWrD2nbx2qo5yUqACgdfVGx7TA==,
      }
    engines: { node: ">=12" }
    cpu: [ia32]
    os: [linux]
    requiresBuild: true
    dev: false
    optional: true

  /@esbuild/linux-loong64@0.18.20:
    resolution:
      {
        integrity: sha512-nXW8nqBTrOpDLPgPY9uV+/1DjxoQ7DoB2N8eocyq8I9XuqJ7BiAMDMf9n1xZM9TgW0J8zrquIb/A7s3BJv7rjg==,
      }
    engines: { node: ">=12" }
    cpu: [loong64]
    os: [linux]
    requiresBuild: true
    dev: false
    optional: true

  /@esbuild/linux-mips64el@0.18.20:
    resolution:
      {
        integrity: sha512-d5NeaXZcHp8PzYy5VnXV3VSd2D328Zb+9dEq5HE6bw6+N86JVPExrA6O68OPwobntbNJ0pzCpUFZTo3w0GyetQ==,
      }
    engines: { node: ">=12" }
    cpu: [mips64el]
    os: [linux]
    requiresBuild: true
    dev: false
    optional: true

  /@esbuild/linux-ppc64@0.18.20:
    resolution:
      {
        integrity: sha512-WHPyeScRNcmANnLQkq6AfyXRFr5D6N2sKgkFo2FqguP44Nw2eyDlbTdZwd9GYk98DZG9QItIiTlFLHJHjxP3FA==,
      }
    engines: { node: ">=12" }
    cpu: [ppc64]
    os: [linux]
    requiresBuild: true
    dev: false
    optional: true

  /@esbuild/linux-riscv64@0.18.20:
    resolution:
      {
        integrity: sha512-WSxo6h5ecI5XH34KC7w5veNnKkju3zBRLEQNY7mv5mtBmrP/MjNBCAlsM2u5hDBlS3NGcTQpoBvRzqBcRtpq1A==,
      }
    engines: { node: ">=12" }
    cpu: [riscv64]
    os: [linux]
    requiresBuild: true
    dev: false
    optional: true

  /@esbuild/linux-s390x@0.18.20:
    resolution:
      {
        integrity: sha512-+8231GMs3mAEth6Ja1iK0a1sQ3ohfcpzpRLH8uuc5/KVDFneH6jtAJLFGafpzpMRO6DzJ6AvXKze9LfFMrIHVQ==,
      }
    engines: { node: ">=12" }
    cpu: [s390x]
    os: [linux]
    requiresBuild: true
    dev: false
    optional: true

  /@esbuild/linux-x64@0.18.20:
    resolution:
      {
        integrity: sha512-UYqiqemphJcNsFEskc73jQ7B9jgwjWrSayxawS6UVFZGWrAAtkzjxSqnoclCXxWtfwLdzU+vTpcNYhpn43uP1w==,
      }
    engines: { node: ">=12" }
    cpu: [x64]
    os: [linux]
    requiresBuild: true
    dev: false
    optional: true

  /@esbuild/netbsd-x64@0.18.20:
    resolution:
      {
        integrity: sha512-iO1c++VP6xUBUmltHZoMtCUdPlnPGdBom6IrO4gyKPFFVBKioIImVooR5I83nTew5UOYrk3gIJhbZh8X44y06A==,
      }
    engines: { node: ">=12" }
    cpu: [x64]
    os: [netbsd]
    requiresBuild: true
    dev: false
    optional: true

  /@esbuild/openbsd-x64@0.18.20:
    resolution:
      {
        integrity: sha512-e5e4YSsuQfX4cxcygw/UCPIEP6wbIL+se3sxPdCiMbFLBWu0eiZOJ7WoD+ptCLrmjZBK1Wk7I6D/I3NglUGOxg==,
      }
    engines: { node: ">=12" }
    cpu: [x64]
    os: [openbsd]
    requiresBuild: true
    dev: false
    optional: true

  /@esbuild/sunos-x64@0.18.20:
    resolution:
      {
        integrity: sha512-kDbFRFp0YpTQVVrqUd5FTYmWo45zGaXe0X8E1G/LKFC0v8x0vWrhOWSLITcCn63lmZIxfOMXtCfti/RxN/0wnQ==,
      }
    engines: { node: ">=12" }
    cpu: [x64]
    os: [sunos]
    requiresBuild: true
    dev: false
    optional: true

  /@esbuild/win32-arm64@0.18.20:
    resolution:
      {
        integrity: sha512-ddYFR6ItYgoaq4v4JmQQaAI5s7npztfV4Ag6NrhiaW0RrnOXqBkgwZLofVTlq1daVTQNhtI5oieTvkRPfZrePg==,
      }
    engines: { node: ">=12" }
    cpu: [arm64]
    os: [win32]
    requiresBuild: true
    dev: false
    optional: true

  /@esbuild/win32-ia32@0.18.20:
    resolution:
      {
        integrity: sha512-Wv7QBi3ID/rROT08SABTS7eV4hX26sVduqDOTe1MvGMjNd3EjOz4b7zeexIR62GTIEKrfJXKL9LFxTYgkyeu7g==,
      }
    engines: { node: ">=12" }
    cpu: [ia32]
    os: [win32]
    requiresBuild: true
    dev: false
    optional: true

  /@esbuild/win32-x64@0.18.20:
    resolution:
      {
        integrity: sha512-kTdfRcSiDfQca/y9QIkng02avJ+NCaQvrMejlsB3RRv5sE9rRoeBPISaZpKxHELzRxZyLvNts1P27W3wV+8geQ==,
      }
    engines: { node: ">=12" }
    cpu: [x64]
    os: [win32]
    requiresBuild: true
    dev: false
    optional: true

  /@shopify/polaris-icons@7.9.0:
    resolution:
      {
        integrity: sha512-JSn8tg5c6cWiKqOJE1757kuK8JKP9NGpwIp9Li2gEIA/PP4LL8RHMYOIuH3RS/yQO3pEhVsHnnlVFvREate8ng==,
      }
    engines: { node: ^16.17.0 || >=18.12.0 }
    dev: false

  /@shopify/polaris-tokens@8.0.0:
    resolution:
      {
        integrity: sha512-msCbisjh5XWplcFrQIk3CF0ym6/MTgvCdjQh0PjN7avvq5M7ryBJ+1s4VBSe55pPDK03JEYybWGvvrlOtCtlWQ==,
      }
    engines: { node: ^16.17.0 || >=18.12.0 }
    dependencies:
      deepmerge: 4.3.1
    dev: false

  /@shopify/polaris@12.0.0(react-dom@18.2.0)(react@18.2.0):
    resolution:
      {
        integrity: sha512-g2V73EpbziaS9FF3uDQ0hXoNkxbe/2KPOWkgVZ7e3qr62J3GDYvKfHqY8SmljwEYGvoUjZ2erQEOTMP9M0teXQ==,
      }
    engines: { node: ^16.17.0 || >=18.12.0 }
    peerDependencies:
      react: ^18.0.0
      react-dom: ^18.0.0
    dependencies:
      "@shopify/polaris-icons": 7.9.0
      "@shopify/polaris-tokens": 8.0.0
      "@types/react": 18.2.31
      "@types/react-dom": 18.2.14
      "@types/react-transition-group": 4.4.7
      react: 18.2.0
      react-dom: 18.2.0(react@18.2.0)
      react-fast-compare: 3.2.2
      react-transition-group: 4.4.5(react-dom@18.2.0)(react@18.2.0)
    dev: false

  /@stackblitz/sdk@1.9.0:
    resolution:
      {
        integrity: sha512-3m6C7f8pnR5KXys/Hqx2x6ylnpqOak6HtnZI6T5keEO0yT+E4Spkw37VEbdwuC+2oxmjdgq6YZEgiKX7hM1GmQ==,
      }
    dev: false

  /@swc/core-darwin-arm64@1.3.93:
    resolution:
      {
        integrity: sha512-gEKgk7FVIgltnIfDO6GntyuQBBlAYg5imHpRgLxB1zSI27ijVVkksc6QwISzFZAhKYaBWIsFSVeL9AYSziAF7A==,
      }
    engines: { node: ">=10" }
    cpu: [arm64]
    os: [darwin]
    requiresBuild: true
    dev: false
    optional: true

  /@swc/core-darwin-x64@1.3.93:
    resolution:
      {
        integrity: sha512-ZQPxm/fXdDQtn3yrYSL/gFfA8OfZ5jTi33yFQq6vcg/Y8talpZ+MgdSlYM0FkLrZdMTYYTNFiuBQuuvkA+av+Q==,
      }
    engines: { node: ">=10" }
    cpu: [x64]
    os: [darwin]
    requiresBuild: true
    dev: false
    optional: true

  /@swc/core-linux-arm-gnueabihf@1.3.93:
    resolution:
      {
        integrity: sha512-OYFMMI2yV+aNe3wMgYhODxHdqUB/jrK0SEMHHS44GZpk8MuBXEF+Mcz4qjkY5Q1EH7KVQqXb/gVWwdgTHpjM2A==,
      }
    engines: { node: ">=10" }
    cpu: [arm]
    os: [linux]
    requiresBuild: true
    dev: false
    optional: true

  /@swc/core-linux-arm64-gnu@1.3.93:
    resolution:
      {
        integrity: sha512-BT4dT78odKnJMNiq5HdjBsv29CiIdcCcImAPxeFqAeFw1LL6gh9nzI8E96oWc+0lVT5lfhoesCk4Qm7J6bty8w==,
      }
    engines: { node: ">=10" }
    cpu: [arm64]
    os: [linux]
    requiresBuild: true
    dev: false
    optional: true

  /@swc/core-linux-arm64-musl@1.3.93:
    resolution:
      {
        integrity: sha512-yH5fWEl1bktouC0mhh0Chuxp7HEO4uCtS/ly1Vmf18gs6wZ8DOOkgAEVv2dNKIryy+Na++ljx4Ym7C8tSJTrLw==,
      }
    engines: { node: ">=10" }
    cpu: [arm64]
    os: [linux]
    requiresBuild: true
    dev: false
    optional: true

  /@swc/core-linux-x64-gnu@1.3.93:
    resolution:
      {
        integrity: sha512-OFUdx64qvrGJhXKEyxosHxgoUVgba2ztYh7BnMiU5hP8lbI8G13W40J0SN3CmFQwPP30+3oEbW7LWzhKEaYjlg==,
      }
    engines: { node: ">=10" }
    cpu: [x64]
    os: [linux]
    requiresBuild: true
    dev: false
    optional: true

  /@swc/core-linux-x64-musl@1.3.93:
    resolution:
      {
        integrity: sha512-4B8lSRwEq1XYm6xhxHhvHmKAS7pUp1Q7E33NQ2TlmFhfKvCOh86qvThcjAOo57x8DRwmpvEVrqvpXtYagMN6Ig==,
      }
    engines: { node: ">=10" }
    cpu: [x64]
    os: [linux]
    requiresBuild: true
    dev: false
    optional: true

  /@swc/core-win32-arm64-msvc@1.3.93:
    resolution:
      {
        integrity: sha512-BHShlxtkven8ZjjvZ5QR6sC5fZCJ9bMujEkiha6W4cBUTY7ce7qGFyHmQd+iPC85d9kD/0cCiX/Xez8u0BhO7w==,
      }
    engines: { node: ">=10" }
    cpu: [arm64]
    os: [win32]
    requiresBuild: true
    dev: false
    optional: true

  /@swc/core-win32-ia32-msvc@1.3.93:
    resolution:
      {
        integrity: sha512-nEwNWnz4JzYAK6asVvb92yeylfxMYih7eMQOnT7ZVlZN5ba9WF29xJ6kcQKs9HRH6MvWhz9+wRgv3FcjlU6HYA==,
      }
    engines: { node: ">=10" }
    cpu: [ia32]
    os: [win32]
    requiresBuild: true
    dev: false
    optional: true

  /@swc/core-win32-x64-msvc@1.3.93:
    resolution:
      {
        integrity: sha512-jibQ0zUr4kwJaQVwgmH+svS04bYTPnPw/ZkNInzxS+wFAtzINBYcU8s2PMWbDb2NGYiRSEeoSGyAvS9H+24JFA==,
      }
    engines: { node: ">=10" }
    cpu: [x64]
    os: [win32]
    requiresBuild: true
    dev: false
    optional: true

  /@swc/core@1.3.93:
    resolution:
      {
        integrity: sha512-690GRr1wUGmGYZHk7fUduX/JUwViMF2o74mnZYIWEcJaCcd9MQfkhsxPBtjeg6tF+h266/Cf3RPYhsFBzzxXcA==,
      }
    engines: { node: ">=10" }
    requiresBuild: true
    peerDependencies:
      "@swc/helpers": ^0.5.0
    peerDependenciesMeta:
      "@swc/helpers":
        optional: true
    dependencies:
      "@swc/counter": 0.1.2
      "@swc/types": 0.1.5
    optionalDependencies:
      "@swc/core-darwin-arm64": 1.3.93
      "@swc/core-darwin-x64": 1.3.93
      "@swc/core-linux-arm-gnueabihf": 1.3.93
      "@swc/core-linux-arm64-gnu": 1.3.93
      "@swc/core-linux-arm64-musl": 1.3.93
      "@swc/core-linux-x64-gnu": 1.3.93
      "@swc/core-linux-x64-musl": 1.3.93
      "@swc/core-win32-arm64-msvc": 1.3.93
      "@swc/core-win32-ia32-msvc": 1.3.93
      "@swc/core-win32-x64-msvc": 1.3.93
    dev: false

  /@swc/counter@0.1.2:
    resolution:
      {
        integrity: sha512-9F4ys4C74eSTEUNndnER3VJ15oru2NumfQxS8geE+f3eB5xvfxpWyqE5XlVnxb/R14uoXi6SLbBwwiDSkv+XEw==,
      }
    dev: false

  /@swc/types@0.1.5:
    resolution:
      {
        integrity: sha512-myfUej5naTBWnqOCc/MdVOLVjXUXtIA+NpDrDBKJtLLg2shUjBu3cZmB/85RyitKc55+lUUyl7oRfLOvkr2hsw==,
      }
    dev: false

  /@types/js-cookie@2.2.7:
    resolution:
      {
        integrity: sha512-aLkWa0C0vO5b4Sr798E26QgOkss68Un0bLjs7u9qxzPT5CG+8DuNTffWES58YzJs3hrVAOs1wonycqEBqNJubA==,
      }
    dev: false

  /@types/lodash-es@4.17.10:
    resolution:
      {
        integrity: sha512-YJP+w/2khSBwbUSFdGsSqmDvmnN3cCKoPOL7Zjle6s30ZtemkkqhjVfFqGwPN7ASil5VyjE2GtyU/yqYY6mC0A==,
      }
    dependencies:
      "@types/lodash": 4.14.199
    dev: false

  /@types/lodash@4.14.199:
    resolution:
      {
        integrity: sha512-Vrjz5N5Ia4SEzWWgIVwnHNEnb1UE1XMkvY5DGXrAeOGE9imk0hgTHh5GyDjLDJi9OTCn9oo9dXH1uToK1VRfrg==,
      }
    dev: false

  /@types/prismjs@1.26.2:
    resolution:
      {
        integrity: sha512-/r7Cp7iUIk7gts26mHXD66geUC+2Fo26TZYjQK6Nr4LDfi6lmdRmMqM0oPwfiMhUwoBAOFe8GstKi2pf6hZvwA==,
      }
    dev: false

  /@types/prop-types@15.7.8:
    resolution:
      {
        integrity: sha512-kMpQpfZKSCBqltAJwskgePRaYRFukDkm1oItcAbC3gNELR20XIBcN9VRgg4+m8DKsTfkWeA4m4Imp4DDuWy7FQ==,
      }
    dev: false

  /@types/react-dom@18.2.14:
    resolution:
      {
        integrity: sha512-V835xgdSVmyQmI1KLV2BEIUgqEuinxp9O4G6g3FqO/SqLac049E53aysv0oEFD2kHfejeKU+ZqL2bcFWj9gLAQ==,
      }
    dependencies:
      "@types/react": 18.2.31
    dev: false

  /@types/react-transition-group@4.4.7:
    resolution:
      {
        integrity: sha512-ICCyBl5mvyqYp8Qeq9B5G/fyBSRC0zx3XM3sCC6KkcMsNeAHqXBKkmat4GqdJET5jtYUpZXrxI5flve5qhi2Eg==,
      }
    dependencies:
      "@types/react": 18.2.31
    dev: false

  /@types/react@18.2.31:
    resolution:
      {
        integrity: sha512-c2UnPv548q+5DFh03y8lEDeMfDwBn9G3dRwfkrxQMo/dOtRHUUO57k6pHvBIfH/VF4Nh+98mZ5aaSe+2echD5g==,
      }
    dependencies:
      "@types/prop-types": 15.7.8
      "@types/scheduler": 0.16.4
      csstype: 3.1.2
    dev: false

  /@types/scheduler@0.16.4:
    resolution:
      {
        integrity: sha512-2L9ifAGl7wmXwP4v3pN4p2FLhD0O1qsJpvKmNin5VA8+UvNVb447UDaAEV6UdrkA+m/Xs58U1RFps44x6TFsVQ==,
      }
    dev: false

  /@vitejs/plugin-react-swc@3.4.0(vite@4.5.0):
    resolution:
      {
        integrity: sha512-m7UaA4Uvz82N/0EOVpZL4XsFIakRqrFKeSNxa1FBLSXGvWrWRBwmZb4qxk+ZIVAZcW3c3dn5YosomDgx62XWcQ==,
      }
    peerDependencies:
      vite: ^4
    dependencies:
      "@swc/core": 1.3.93
      vite: 4.5.0
    transitivePeerDependencies:
      - "@swc/helpers"
    dev: false

  /@xobotyi/scrollbar-width@1.9.5:
    resolution:
      {
        integrity: sha512-N8tkAACJx2ww8vFMneJmaAgmjAG1tnVBZJRLRcx061tmsLRZHSEZSLuGWnwPtunsSLvSqXQ2wfp7Mgqg1I+2dQ==,
      }
    dev: false

  /classnames@2.3.2:
    resolution:
      {
        integrity: sha512-CSbhY4cFEJRe6/GQzIk5qXZ4Jeg5pcsP7b5peFSDpffpe1cqjASH/n9UTjBwOp6XpMSTwQ8Za2K5V02ueA7Tmw==,
      }
    dev: false

  /clsx@1.2.1:
    resolution:
      {
        integrity: sha512-EcR6r5a8bj6pu3ycsa/E/cKVGuTgZJZdsyUYHOksG/UHIiKfjxzRxYJpyVBwYaQeOvghal9fcc4PidlgzugAQg==,
      }
    engines: { node: ">=6" }
    dev: false

  /copy-to-clipboard@3.3.3:
    resolution:
      {
        integrity: sha512-2KV8NhB5JqC3ky0r9PMCAZKbUHSwtEo4CwCs0KXgruG43gX5PMqDEBbVU4OUzw2MuAWUfsuFmWvEKG5QRfSnJA==,
      }
    dependencies:
      toggle-selection: 1.0.6
    dev: false

  /css-in-js-utils@3.1.0:
    resolution:
      {
        integrity: sha512-fJAcud6B3rRu+KHYk+Bwf+WFL2MDCJJ1XG9x137tJQ0xYxor7XziQtuGFbWNdqrvF4Tk26O3H73nfVqXt/fW1A==,
      }
    dependencies:
      hyphenate-style-name: 1.0.4
    dev: false

  /css-tree@1.1.3:
    resolution:
      {
        integrity: sha512-tRpdppF7TRazZrjJ6v3stzv93qxRcSsFmW6cX0Zm2NVKpxE1WV1HblnghVv9TreireHkqI/VDEsfolRF1p6y7Q==,
      }
    engines: { node: ">=8.0.0" }
    dependencies:
      mdn-data: 2.0.14
      source-map: 0.6.1
    dev: false

  /csstype@3.1.2:
    resolution:
      {
        integrity: sha512-I7K1Uu0MBPzaFKg4nI5Q7Vs2t+3gWWW648spaF+Rg7pI9ds18Ugn+lvg4SHczUdKlHI5LWBXyqfS8+DufyBsgQ==,
      }
    dev: false

  /deepmerge@4.3.1:
    resolution:
      {
        integrity: sha512-3sUqbMEc77XqpdNO7FRyRog+eW3ph+GYCbj+rK+uYyRMuwsVy0rMiVtPn+QJlKFvWP/1PYpapqYn0Me2knFn+A==,
      }
    engines: { node: ">=0.10.0" }
    dev: false

  /dom-helpers@5.2.1:
    resolution:
      {
        integrity: sha512-nRCa7CK3VTrM2NmGkIy4cbK7IZlgBE/PYMn55rrXefr5xXDP0LdtfPnblFDoVdcAfslJ7or6iqAUnx0CCGIWQA==,
      }
    dependencies:
      "@babel/runtime": 7.23.2
      csstype: 3.1.2
    dev: false

  /error-stack-parser@2.1.4:
    resolution:
      {
        integrity: sha512-Sk5V6wVazPhq5MhpO+AUxJn5x7XSXGl1R93Vn7i+zS15KDVxQijejNCrz8340/2bgLBjR9GtEG8ZVKONDjcqGQ==,
      }
    dependencies:
      stackframe: 1.3.4
    dev: false

  /esbuild@0.18.20:
    resolution:
      {
        integrity: sha512-ceqxoedUrcayh7Y7ZX6NdbbDzGROiyVBgC4PriJThBKSVPWnnFHZAkfI1lJT8QFkOwH4qOS2SJkS4wvpGl8BpA==,
      }
    engines: { node: ">=12" }
    hasBin: true
    requiresBuild: true
    optionalDependencies:
      "@esbuild/android-arm": 0.18.20
      "@esbuild/android-arm64": 0.18.20
      "@esbuild/android-x64": 0.18.20
      "@esbuild/darwin-arm64": 0.18.20
      "@esbuild/darwin-x64": 0.18.20
      "@esbuild/freebsd-arm64": 0.18.20
      "@esbuild/freebsd-x64": 0.18.20
      "@esbuild/linux-arm": 0.18.20
      "@esbuild/linux-arm64": 0.18.20
      "@esbuild/linux-ia32": 0.18.20
      "@esbuild/linux-loong64": 0.18.20
      "@esbuild/linux-mips64el": 0.18.20
      "@esbuild/linux-ppc64": 0.18.20
      "@esbuild/linux-riscv64": 0.18.20
      "@esbuild/linux-s390x": 0.18.20
      "@esbuild/linux-x64": 0.18.20
      "@esbuild/netbsd-x64": 0.18.20
      "@esbuild/openbsd-x64": 0.18.20
      "@esbuild/sunos-x64": 0.18.20
      "@esbuild/win32-arm64": 0.18.20
      "@esbuild/win32-ia32": 0.18.20
      "@esbuild/win32-x64": 0.18.20
    dev: false

  /fast-deep-equal@3.1.3:
    resolution:
      {
        integrity: sha512-f3qQ9oQy9j2AhBe/H9VC91wLmKBCCU/gDOnKNAYG5hswO7BLKj09Hc5HYNz9cGI++xlpDCIgDaitVs03ATR84Q==,
      }
    dev: false

  /fast-loops@1.1.3:
    resolution:
      {
        integrity: sha512-8EZzEP0eKkEEVX+drtd9mtuQ+/QrlfW/5MlwcwK5Nds6EkZ/tRzEexkzUY2mIssnAyVLT+TKHuRXmFNNXYUd6g==,
      }
    dev: false

  /fast-shallow-equal@1.0.0:
    resolution:
      {
        integrity: sha512-HPtaa38cPgWvaCFmRNhlc6NG7pv6NUHqjPgVAkWGoB9mQMwYB27/K0CvOM5Czy+qpT3e8XJ6Q4aPAnzpNpzNaw==,
      }
    dev: false

  /fastest-stable-stringify@2.0.2:
    resolution:
      {
        integrity: sha512-bijHueCGd0LqqNK9b5oCMHc0MluJAx0cwqASgbWMvkO01lCYgIhacVRLcaDz3QnyYIRNJRDwMb41VuT6pHJ91Q==,
      }
    dev: false

  /fsevents@2.3.3:
    resolution:
      {
        integrity: sha512-5xoDfX+fL7faATnagmWPpbFtwh/R77WmMMqqHGS65C3vvB0YHrgF+B1YmZ3441tMj5n63k0212XNoJwzlhffQw==,
      }
    engines: { node: ^8.16.0 || ^10.6.0 || >=11.0.0 }
    os: [darwin]
    requiresBuild: true
    dev: false
    optional: true

  /hyphenate-style-name@1.0.4:
    resolution:
      {
        integrity: sha512-ygGZLjmXfPHj+ZWh6LwbC37l43MhfztxetbFCoYTM2VjkIUpeHgSNn7QIyVFj7YQ1Wl9Cbw5sholVJPzWvC2MQ==,
      }
    dev: false

  /immer@10.0.3:
    resolution:
      {
        integrity: sha512-pwupu3eWfouuaowscykeckFmVTpqbzW+rXFCX8rQLkZzM9ftBmU/++Ra+o+L27mz03zJTlyV4UUr+fdKNffo4A==,
      }
    dev: false

  /inline-style-prefixer@6.0.4:
    resolution:
      {
        integrity: sha512-FwXmZC2zbeeS7NzGjJ6pAiqRhXR0ugUShSNb6GApMl6da0/XGc4MOJsoWAywia52EEWbXNSy0pzkwz/+Y+swSg==,
      }
    dependencies:
      css-in-js-utils: 3.1.0
      fast-loops: 1.1.3
    dev: false

  /js-cookie@2.2.1:
    resolution:
      {
        integrity: sha512-HvdH2LzI/EAZcUwA8+0nKNtWHqS+ZmijLA30RwZA0bo7ToCckjK5MkGhjED9KoRcXO6BaGI3I9UIzSA1FKFPOQ==,
      }
    dev: false

  /js-tokens@4.0.0:
    resolution:
      {
        integrity: sha512-RdJUflcE3cUzKiMqQgsCu06FPu9UdIJO0beYbPhHN4k6apgJtifcoCtT9bcxOpYBtpD2kCM6Sbzg4CausW/PKQ==,
      }
    dev: false

  /lodash-es@4.17.21:
    resolution:
      {
        integrity: sha512-mKnC+QJ9pWVzv+C4/U3rRsHapFfHvQFoFB92e52xeyGMcX6/OlIl78je1u8vePzYZSkkogMPJ2yjxxsb89cxyw==,
      }
    dev: false

  /loose-envify@1.4.0:
    resolution:
      {
        integrity: sha512-lyuxPGr/Wfhrlem2CL/UcnUc1zcqKAImBDzukY7Y5F/yQiNdko6+fRLevlw1HgMySw7f611UIY408EtxRSoK3Q==,
      }
    hasBin: true
    dependencies:
      js-tokens: 4.0.0
    dev: false

  /lz-string@1.5.0:
    resolution:
      {
        integrity: sha512-h5bgJWpxJNswbU7qCrV0tIKQCaS3blPDrqKWx+QxzuzL1zGUzij9XCWLrSLsJPu5t+eWA/ycetzYAO5IOMcWAQ==,
      }
    hasBin: true
    dev: false

  /mdn-data@2.0.14:
    resolution:
      {
        integrity: sha512-dn6wd0uw5GsdswPFfsgMp5NSB0/aDe6fK94YJV/AJDYXL6HVLWBsxeq7js7Ad+mU2K9LAlwpk6kN2D5mwCPVow==,
      }
    dev: false

  /nano-css@5.3.5(react-dom@18.2.0)(react@18.2.0):
    resolution:
      {
        integrity: sha512-vSB9X12bbNu4ALBu7nigJgRViZ6ja3OU7CeuiV1zMIbXOdmkLahgtPmh3GBOlDxbKY0CitqlPdOReGlBLSp+yg==,
      }
    peerDependencies:
      react: "*"
      react-dom: "*"
    dependencies:
      css-tree: 1.1.3
      csstype: 3.1.2
      fastest-stable-stringify: 2.0.2
      inline-style-prefixer: 6.0.4
      react: 18.2.0
      react-dom: 18.2.0(react@18.2.0)
      rtl-css-js: 1.16.1
      sourcemap-codec: 1.4.8
      stacktrace-js: 2.0.2
      stylis: 4.3.0
    dev: false

  /nanoid@3.3.6:
    resolution:
      {
        integrity: sha512-BGcqMMJuToF7i1rt+2PWSNVnWIkGCU78jBG3RxO/bZlnZPK2Cmi2QaffxGO/2RvWi9sL+FAiRiXMgsyxQ1DIDA==,
      }
    engines: { node: ^10 || ^12 || ^13.7 || ^14 || >=15.0.1 }
    hasBin: true
    dev: false

  /nanoid@5.0.2:
    resolution:
      {
        integrity: sha512-2ustYUX1R2rL/Br5B/FMhi8d5/QzvkJ912rBYxskcpu0myTHzSZfTr1LAS2Sm7jxRUObRrSBFoyzwAhL49aVSg==,
      }
    engines: { node: ^18 || >=20 }
    hasBin: true
    dev: false

  /object-assign@4.1.1:
    resolution:
      {
        integrity: sha512-rJgTQnkUnH1sFw8yT6VSU3zD3sWmu6sZhIseY8VX+GRu3P6F7Fu+JNDoXfklElbLJSnc3FUQHVe4cU5hj+BcUg==,
      }
    engines: { node: ">=0.10.0" }
    dev: false

  /picocolors@1.0.0:
    resolution:
      {
        integrity: sha512-1fygroTLlHu66zi26VoTDv8yRgm0Fccecssto+MhsZ0D/DGW2sm8E8AjW7NU5VVTRt5GxbeZ5qBuJr+HyLYkjQ==,
      }
    dev: false

  /postcss@8.4.31:
    resolution:
      {
        integrity: sha512-PS08Iboia9mts/2ygV3eLpY5ghnUcfLV/EXTOW1E2qYxJKGGBUtNjN76FYHnMs36RmARn41bC0AZmn+rR0OVpQ==,
      }
    engines: { node: ^10 || ^12 || >=14 }
    dependencies:
      nanoid: 3.3.6
      picocolors: 1.0.0
      source-map-js: 1.0.2
    dev: false

  /prettier@3.0.3:
    resolution:
      {
        integrity: sha512-L/4pUDMxcNa8R/EthV08Zt42WBO4h1rarVtK0K+QJG0X187OLo7l699jWw0GKuwzkPQ//jMFA/8Xm6Fh3J/DAg==,
      }
    engines: { node: ">=14" }
    hasBin: true
    dev: false

  /prism-react-renderer@2.1.0(react@18.2.0):
    resolution:
      {
        integrity: sha512-I5cvXHjA1PVGbGm1MsWCpvBCRrYyxEri0MC7/JbfIfYfcXAxHyO5PaUjs3A8H5GW6kJcLhTHxxMaOZZpRZD2iQ==,
      }
    peerDependencies:
      react: ">=16.0.0"
    dependencies:
      "@types/prismjs": 1.26.2
      clsx: 1.2.1
      react: 18.2.0
    dev: false

  /prop-types@15.8.1:
    resolution:
      {
        integrity: sha512-oj87CgZICdulUohogVAR7AjlC0327U4el4L6eAvOqCeudMDVU0NThNaV+b9Df4dXgSP1gXMTnPdhfe/2qDH5cg==,
      }
    dependencies:
      loose-envify: 1.4.0
      object-assign: 4.1.1
      react-is: 16.13.1
    dev: false

  /react-dom@18.2.0(react@18.2.0):
    resolution:
      {
        integrity: sha512-6IMTriUmvsjHUjNtEDudZfuDQUoWXVxKHhlEGSk81n4YFS+r/Kl99wXiwlVXtPBtJenozv2P+hxDsw9eA7Xo6g==,
      }
    peerDependencies:
      react: ^18.2.0
    dependencies:
      loose-envify: 1.4.0
      react: 18.2.0
      scheduler: 0.23.0
    dev: false

  /react-fast-compare@3.2.2:
    resolution:
      {
        integrity: sha512-nsO+KSNgo1SbJqJEYRE9ERzo7YtYbou/OqjSQKxV7jcKox7+usiUVZOAC+XnDOABXggQTno0Y1CpVnuWEc1boQ==,
      }
    dev: false

  /react-is@16.13.1:
    resolution:
      {
        integrity: sha512-24e6ynE2H+OKt4kqsOvNd8kBpV65zoxbA4BVsEOB3ARVWQki/DHzaUoC5KuON/BiccDaCCTZBuOcfZs70kR8bQ==,
      }
    dev: false

  /react-lifecycles-compat@3.0.4:
    resolution:
      {
        integrity: sha512-fBASbA6LnOU9dOU2eW7aQ8xmYBSXUIWr+UmF9b1efZBazGNO+rcXT/icdKnYm2pTwcRylVUYwW7H1PHfLekVzA==,
      }
    dev: false

  /react-split-pane@0.1.92(react-dom@18.2.0)(react@18.2.0):
    resolution:
      {
        integrity: sha512-GfXP1xSzLMcLJI5BM36Vh7GgZBpy+U/X0no+VM3fxayv+p1Jly5HpMofZJraeaMl73b3hvlr+N9zJKvLB/uz9w==,
      }
    peerDependencies:
      react: ^16.0.0-0
      react-dom: ^16.0.0-0
    dependencies:
      prop-types: 15.8.1
      react: 18.2.0
      react-dom: 18.2.0(react@18.2.0)
      react-lifecycles-compat: 3.0.4
      react-style-proptype: 3.2.2
    dev: false

  /react-style-proptype@3.2.2:
    resolution:
      {
        integrity: sha512-ywYLSjNkxKHiZOqNlso9PZByNEY+FTyh3C+7uuziK0xFXu9xzdyfHwg4S9iyiRRoPCR4k2LqaBBsWVmSBwCWYQ==,
      }
    dependencies:
      prop-types: 15.8.1
    dev: false

  /react-transition-group@4.4.5(react-dom@18.2.0)(react@18.2.0):
    resolution:
      {
        integrity: sha512-pZcd1MCJoiKiBR2NRxeCRg13uCXbydPnmB4EOeRrY7480qNWO8IIgQG6zlDkm6uRMsURXPuKq0GWtiM59a5Q6g==,
      }
    peerDependencies:
      react: ">=16.6.0"
      react-dom: ">=16.6.0"
    dependencies:
      "@babel/runtime": 7.23.2
      dom-helpers: 5.2.1
      loose-envify: 1.4.0
      prop-types: 15.8.1
      react: 18.2.0
      react-dom: 18.2.0(react@18.2.0)
    dev: false

  /react-universal-interface@0.6.2(react@18.2.0)(tslib@2.6.2):
    resolution:
      {
        integrity: sha512-dg8yXdcQmvgR13RIlZbTRQOoUrDciFVoSBZILwjE2LFISxZZ8loVJKAkuzswl5js8BHda79bIb2b84ehU8IjXw==,
      }
    peerDependencies:
      react: "*"
      tslib: "*"
    dependencies:
      react: 18.2.0
      tslib: 2.6.2
    dev: false

  /react-use@17.4.0(react-dom@18.2.0)(react@18.2.0):
    resolution:
      {
        integrity: sha512-TgbNTCA33Wl7xzIJegn1HndB4qTS9u03QUwyNycUnXaweZkE4Kq2SB+Yoxx8qbshkZGYBDvUXbXWRUmQDcZZ/Q==,
      }
    peerDependencies:
      react: ^16.8.0  || ^17.0.0 || ^18.0.0
      react-dom: ^16.8.0  || ^17.0.0 || ^18.0.0
    dependencies:
      "@types/js-cookie": 2.2.7
      "@xobotyi/scrollbar-width": 1.9.5
      copy-to-clipboard: 3.3.3
      fast-deep-equal: 3.1.3
      fast-shallow-equal: 1.0.0
      js-cookie: 2.2.1
      nano-css: 5.3.5(react-dom@18.2.0)(react@18.2.0)
      react: 18.2.0
      react-dom: 18.2.0(react@18.2.0)
      react-universal-interface: 0.6.2(react@18.2.0)(tslib@2.6.2)
      resize-observer-polyfill: 1.5.1
      screenfull: 5.2.0
      set-harmonic-interval: 1.0.1
      throttle-debounce: 3.0.1
      ts-easing: 0.2.0
      tslib: 2.6.2
    dev: false

  /react@18.2.0:
    resolution:
      {
        integrity: sha512-/3IjMdb2L9QbBdWiW5e3P2/npwMBaU9mHCSCUzNln0ZCYbcfTsGbTJrU/kGemdH2IWmB2ioZ+zkxtmq6g09fGQ==,
      }
    engines: { node: ">=0.10.0" }
    dependencies:
      loose-envify: 1.4.0
    dev: false

  /regenerator-runtime@0.14.0:
    resolution:
      {
        integrity: sha512-srw17NI0TUWHuGa5CFGGmhfNIeja30WMBfbslPNhf6JrqQlLN5gcrvig1oqPxiVaXb0oW0XRKtH6Nngs5lKCIA==,
      }
    dev: false

  /resize-observer-polyfill@1.5.1:
    resolution:
      {
        integrity: sha512-LwZrotdHOo12nQuZlHEmtuXdqGoOD0OhaxopaNFxWzInpEgaLWoVuAMbTzixuosCx2nEG58ngzW3vxdWoxIgdg==,
      }
    dev: false

  /rollup@3.29.4:
    resolution:
      {
        integrity: sha512-oWzmBZwvYrU0iJHtDmhsm662rC15FRXmcjCk1xD771dFDx5jJ02ufAQQTn0etB2emNk4J9EZg/yWKpsn9BWGRw==,
      }
    engines: { node: ">=14.18.0", npm: ">=8.0.0" }
    hasBin: true
    optionalDependencies:
      fsevents: 2.3.3
    dev: false

  /rtl-css-js@1.16.1:
    resolution:
      {
        integrity: sha512-lRQgou1mu19e+Ya0LsTvKrVJ5TYUbqCVPAiImX3UfLTenarvPUl1QFdvu5Z3PYmHT9RCcwIfbjRQBntExyj3Zg==,
      }
    dependencies:
      "@babel/runtime": 7.23.2
    dev: false

  /scheduler@0.23.0:
    resolution:
      {
        integrity: sha512-CtuThmgHNg7zIZWAXi3AsyIzA3n4xx7aNyjwC2VJldO2LMVDhFK+63xGqq6CsJH4rTAt6/M+N4GhZiDYPx9eUw==,
      }
    dependencies:
      loose-envify: 1.4.0
    dev: false

  /screenfull@5.2.0:
    resolution:
      {
        integrity: sha512-9BakfsO2aUQN2K9Fdbj87RJIEZ82Q9IGim7FqM5OsebfoFC6ZHXgDq/KvniuLTPdeM8wY2o6Dj3WQ7KeQCj3cA==,
      }
    engines: { node: ">=0.10.0" }
    dev: false

  /set-harmonic-interval@1.0.1:
    resolution:
      {
        integrity: sha512-AhICkFV84tBP1aWqPwLZqFvAwqEoVA9kxNMniGEUvzOlm4vLmOFLiTT3UZ6bziJTy4bOVpzWGTfSCbmaayGx8g==,
      }
    engines: { node: ">=6.9" }
    dev: false

  /source-map-js@1.0.2:
    resolution:
      {
        integrity: sha512-R0XvVJ9WusLiqTCEiGCmICCMplcCkIwwR11mOSD9CR5u+IXYdiseeEuXCVAjS54zqwkLcPNnmU4OeJ6tUrWhDw==,
      }
    engines: { node: ">=0.10.0" }
    dev: false

  /source-map@0.5.6:
    resolution:
      {
        integrity: sha512-MjZkVp0NHr5+TPihLcadqnlVoGIoWo4IBHptutGh9wI3ttUYvCG26HkSuDi+K6lsZ25syXJXcctwgyVCt//xqA==,
      }
    engines: { node: ">=0.10.0" }
    dev: false

  /source-map@0.6.1:
    resolution:
      {
        integrity: sha512-UjgapumWlbMhkBgzT7Ykc5YXUT46F0iKu8SGXq0bcwP5dz/h0Plj6enJqjz1Zbq2l5WaqYnrVbwWOWMyF3F47g==,
      }
    engines: { node: ">=0.10.0" }
    dev: false

  /sourcemap-codec@1.4.8:
    resolution:
      {
        integrity: sha512-9NykojV5Uih4lgo5So5dtw+f0JgJX30KCNI8gwhz2J9A15wD0Ml6tjHKwf6fTSa6fAdVBdZeNOs9eJ71qCk8vA==,
      }
    deprecated: Please use @jridgewell/sourcemap-codec instead
    dev: false

  /stack-generator@2.0.10:
    resolution:
      {
        integrity: sha512-mwnua/hkqM6pF4k8SnmZ2zfETsRUpWXREfA/goT8SLCV4iOFa4bzOX2nDipWAZFPTjLvQB82f5yaodMVhK0yJQ==,
      }
    dependencies:
      stackframe: 1.3.4
    dev: false

  /stackframe@1.3.4:
    resolution:
      {
        integrity: sha512-oeVtt7eWQS+Na6F//S4kJ2K2VbRlS9D43mAlMyVpVWovy9o+jfgH8O9agzANzaiLjclA0oYzUXEM4PurhSUChw==,
      }
    dev: false

  /stacktrace-gps@3.1.2:
    resolution:
      {
        integrity: sha512-GcUgbO4Jsqqg6RxfyTHFiPxdPqF+3LFmQhm7MgCuYQOYuWyqxo5pwRPz5d/u6/WYJdEnWfK4r+jGbyD8TSggXQ==,
      }
    dependencies:
      source-map: 0.5.6
      stackframe: 1.3.4
    dev: false

  /stacktrace-js@2.0.2:
    resolution:
      {
        integrity: sha512-Je5vBeY4S1r/RnLydLl0TBTi3F2qdfWmYsGvtfZgEI+SCprPppaIhQf5nGcal4gI4cGpCV/duLcAzT1np6sQqg==,
      }
    dependencies:
      error-stack-parser: 2.1.4
      stack-generator: 2.0.10
      stacktrace-gps: 3.1.2
    dev: false

  /stylis@4.3.0:
    resolution:
      {
        integrity: sha512-E87pIogpwUsUwXw7dNyU4QDjdgVMy52m+XEOPEKUn161cCzWjjhPSQhByfd1CcNvrOLnXQ6OnnZDwnJrz/Z4YQ==,
      }
    dev: false

  /throttle-debounce@3.0.1:
    resolution:
      {
        integrity: sha512-dTEWWNu6JmeVXY0ZYoPuH5cRIwc0MeGbJwah9KUNYSJwommQpCzTySTpEe8Gs1J23aeWEuAobe4Ag7EHVt/LOg==,
      }
    engines: { node: ">=10" }
    dev: false

  /toggle-selection@1.0.6:
    resolution:
      {
        integrity: sha512-BiZS+C1OS8g/q2RRbJmy59xpyghNBqrr6k5L/uKBGRsTfxmu3ffiRnd8mlGPUVayg8pvfi5urfnu8TU7DVOkLQ==,
      }
    dev: false

  /ts-easing@0.2.0:
    resolution:
      {
        integrity: sha512-Z86EW+fFFh/IFB1fqQ3/+7Zpf9t2ebOAxNI/V6Wo7r5gqiqtxmgTlQ1qbqQcjLKYeSHPTsEmvlJUDg/EuL0uHQ==,
      }
    dev: false

  /tslib@2.6.2:
    resolution:
      {
        integrity: sha512-AEYxH93jGFPn/a2iVAwW87VuUIkR1FVUKB77NwMF7nBTDkDrrT/Hpt/IrCJ0QXhW27jTBDcf5ZY7w6RiqTMw2Q==,
      }
    dev: false

  /typescript@5.2.2:
    resolution:
      {
        integrity: sha512-mI4WrpHsbCIcwT9cF4FZvr80QUeKvsUsUvKDoR+X/7XHQH98xYD8YHZg7ANtz2GtZt/CBq2QJ0thkGJMHfqc1w==,
      }
    engines: { node: ">=14.17" }
    hasBin: true
    dev: false

  /use-sync-external-store@1.2.0(react@18.2.0):
    resolution:
      {
        integrity: sha512-eEgnFxGQ1Ife9bzYs6VLi8/4X6CObHMw9Qr9tPY43iKwsPw8xE8+EFsf/2cFZ5S3esXgpWgtSCtLNS41F+sKPA==,
      }
    peerDependencies:
      react: ^16.8.0 || ^17.0.0 || ^18.0.0
    dependencies:
      react: 18.2.0
    dev: false

  /vite@4.5.0:
    resolution:
      {
        integrity: sha512-ulr8rNLA6rkyFAlVWw2q5YJ91v098AFQ2R0PRFwPzREXOUJQPtFUG0t+/ZikhaOCDqFoDhN6/v8Sq0o4araFAw==,
      }
    engines: { node: ^14.18.0 || >=16.0.0 }
    hasBin: true
    peerDependencies:
      "@types/node": ">= 14"
      less: "*"
      lightningcss: ^1.21.0
      sass: "*"
      stylus: "*"
      sugarss: "*"
      terser: ^5.4.0
    peerDependenciesMeta:
      "@types/node":
        optional: true
      less:
        optional: true
      lightningcss:
        optional: true
      sass:
        optional: true
      stylus:
        optional: true
      sugarss:
        optional: true
      terser:
        optional: true
    dependencies:
      esbuild: 0.18.20
      postcss: 8.4.31
      rollup: 3.29.4
    optionalDependencies:
      fsevents: 2.3.3
    dev: false

  /zustand@4.4.4(@types/react@18.2.31)(immer@10.0.3)(react@18.2.0):
    resolution:
      {
        integrity: sha512-5UTUIAiHMNf5+mFp7/AnzJXS7+XxktULFN0+D1sCiZWyX7ZG+AQpqs2qpYrynRij4QvoDdCD+U+bmg/cG3Ucxw==,
      }
    engines: { node: ">=12.7.0" }
    peerDependencies:
      "@types/react": ">=16.8"
      immer: ">=9.0"
      react: ">=16.8"
    peerDependenciesMeta:
      "@types/react":
        optional: true
      immer:
        optional: true
      react:
        optional: true
    dependencies:
      "@types/react": 18.2.31
      immer: 10.0.3
      react: 18.2.0
      use-sync-external-store: 1.2.0(react@18.2.0)
    dev: false
